// !$*UTF8*$!
{
	archiveVersion = 1;
	classes = {
	};
	objectVersion = 51;
	objects = {

/* Begin PBXBuildFile section */
		470166C9C30CFEBFBC972928 /* Pods_Tinder.framework in Frameworks */ = {isa = PBXBuildFile; fileRef = CC7810930C5E12CDE107F69D /* Pods_Tinder.framework */; };
		C91B50B395E054EA1548FDF7 /* ChatLogController.swift in Sources */ = {isa = PBXBuildFile; fileRef = C91B572D1B76CC3D719D0E9F /* ChatLogController.swift */; };
		C91B50D104BCAB2034EFDE4A /* RecentMessageCell.swift in Sources */ = {isa = PBXBuildFile; fileRef = C91B50CA47FAA51C28150A76 /* RecentMessageCell.swift */; };
		C91B52172C62F0CA27922E0F /* LoginRegisterController.swift in Sources */ = {isa = PBXBuildFile; fileRef = C91B5EF87E9F8F85B7563CF4 /* LoginRegisterController.swift */; };
		C91B521FDE8A2E086C232AE4 /* PhotoController.swift in Sources */ = {isa = PBXBuildFile; fileRef = C91B56C3C0E7BF999C693A14 /* PhotoController.swift */; };
		C91B524C405C832B8ADB9B46 /* SDWebImage+sync.swift in Sources */ = {isa = PBXBuildFile; fileRef = C91B56BB79F337EB28FB9DCA /* SDWebImage+sync.swift */; };
		C91B526061E13ADFF5A4F6A4 /* UserDetailsController.swift in Sources */ = {isa = PBXBuildFile; fileRef = C91B58DA2D0239C1CC51B370 /* UserDetailsController.swift */; };
		C91B52B16D44967F4DC0391F /* MatchesNavBar.swift in Sources */ = {isa = PBXBuildFile; fileRef = C91B502804115F23B19379A0 /* MatchesNavBar.swift */; };
		C91B52F360A0CB08A4D02D68 /* MatchUser.swift in Sources */ = {isa = PBXBuildFile; fileRef = C91B57FE7F8D2668F55E4B74 /* MatchUser.swift */; };
		C91B530932BFB117705F242B /* MatchesHeaderItemsController.swift in Sources */ = {isa = PBXBuildFile; fileRef = C91B54578714D64FB5D7AAAC /* MatchesHeaderItemsController.swift */; };
		C91B5325410857247155AE05 /* Stack.swift in Sources */ = {isa = PBXBuildFile; fileRef = C91B5DBCDCE1AE49BC48A579 /* Stack.swift */; };
		C91B5331BA4BB4868F501046 /* UIButton+convenience.swift in Sources */ = {isa = PBXBuildFile; fileRef = C91B5B6C4831CD592C5E86D6 /* UIButton+convenience.swift */; };
		C91B5370B55C34187D4B2C0D /* UIImageView+constructor.swift in Sources */ = {isa = PBXBuildFile; fileRef = C91B5A8F28E2FB7834B7FBE2 /* UIImageView+constructor.swift */; };
		C91B537B2AB9CAE360F4B095 /* LoginController.swift in Sources */ = {isa = PBXBuildFile; fileRef = C91B531B6AA8257A5116A16C /* LoginController.swift */; };
		C91B53EF99E72DAC290DDF87 /* UILabel+constructor.swift in Sources */ = {isa = PBXBuildFile; fileRef = C91B551D0CCAD625D73BA519 /* UILabel+constructor.swift */; };
		C91B5557C5A86D659FFA1DDF /* CGSize+utilities.swift in Sources */ = {isa = PBXBuildFile; fileRef = C91B51F8D43CD54536D4BE8F /* CGSize+utilities.swift */; };
		C91B556706B010A683F170F9 /* UIView+onesideBorder.swift in Sources */ = {isa = PBXBuildFile; fileRef = C91B5BD6AF40214AF3216D26 /* UIView+onesideBorder.swift */; };
		C91B55E73ADB4EAF3C45B107 /* MatchesHeader.swift in Sources */ = {isa = PBXBuildFile; fileRef = C91B5B404E32FF27B84F5C09 /* MatchesHeader.swift */; };
		C91B564C255A2A5F117AEA02 /* MatchView.swift in Sources */ = {isa = PBXBuildFile; fileRef = C91B5B900CAFBC4C433D6224 /* MatchView.swift */; };
		C91B5734AECC0D83A8532681 /* UIColor+constructor.swift in Sources */ = {isa = PBXBuildFile; fileRef = C91B53530C602C37BDC9E4E5 /* UIColor+constructor.swift */; };
		C91B576440B1E5D389997916 /* JGProgressHUD+constructor.swift in Sources */ = {isa = PBXBuildFile; fileRef = C91B5B603C9993FF68646865 /* JGProgressHUD+constructor.swift */; };
		C91B57A06E6BB0FF9F7CD212 /* MatchesController.swift in Sources */ = {isa = PBXBuildFile; fileRef = C91B54F1818E27AD74C8F3B0 /* MatchesController.swift */; };
		C91B58E12AAE27D73139DEB2 /* SwipingPhotosController.swift in Sources */ = {isa = PBXBuildFile; fileRef = C91B5CC6FC21C2541B24841D /* SwipingPhotosController.swift */; };
		C91B5911E3D813E1E687A5BD /* UIStackView+padding.swift in Sources */ = {isa = PBXBuildFile; fileRef = C91B539DB8D411A404DE2378 /* UIStackView+padding.swift */; };
		C91B595DC7FCCC86E1E02655 /* UIButton+constructor.swift in Sources */ = {isa = PBXBuildFile; fileRef = C91B5F4191849769F0FD45FD /* UIButton+constructor.swift */; };
		C91B595FFDF2B397F41B1C84 /* ChatLogCell.swift in Sources */ = {isa = PBXBuildFile; fileRef = C91B5193246FB75C849CBD86 /* ChatLogCell.swift */; };
		C91B59D168E7D91336054B2E /* CollectionSelfSizingCell.swift in Sources */ = {isa = PBXBuildFile; fileRef = C91B5C559BAE39A8B7CDBD65 /* CollectionSelfSizingCell.swift */; };
		C91B59D5EFBBA8F5229DBF53 /* MatchesCell.swift in Sources */ = {isa = PBXBuildFile; fileRef = C91B5F267D0855FEE5C4BC0C /* MatchesCell.swift */; };
		C91B5A12F669F49D9C49FA00 /* GradientButton.swift in Sources */ = {isa = PBXBuildFile; fileRef = C91B565D15884849E5C8CF6A /* GradientButton.swift */; };
		C91B5BC6D02F0C7D17707BEF /* Message.swift in Sources */ = {isa = PBXBuildFile; fileRef = C91B5D4D88C5926CFB7A5D60 /* Message.swift */; };
		C91B5BE12FDE72F747C90150 /* MessageNavBar.swift in Sources */ = {isa = PBXBuildFile; fileRef = C91B550076A22278F8A6C0F9 /* MessageNavBar.swift */; };
		C91B5D41E21944C58E490AC5 /* UIView+layer.swift in Sources */ = {isa = PBXBuildFile; fileRef = C91B54E36003FF1352E64336 /* UIView+layer.swift */; };
		C91B5D55A67D4301909D6B6B /* View.swift in Sources */ = {isa = PBXBuildFile; fileRef = C91B5023DBACE9C346A81F52 /* View.swift */; };
		C91B5D68972C6F39A4286CB6 /* AgeRangeCell.swift in Sources */ = {isa = PBXBuildFile; fileRef = C91B59CC57E8B7433BBD1485 /* AgeRangeCell.swift */; };
		C91B5DA2955653D30F3D70A2 /* BorderGradientButton.swift in Sources */ = {isa = PBXBuildFile; fileRef = C91B5ECFEEAD78A50A7AB80E /* BorderGradientButton.swift */; };
		C91B5E3B7814476AFD852E1B /* TextViewInputAccessoryView.swift in Sources */ = {isa = PBXBuildFile; fileRef = C91B53BA4BDC3E27D1434C9E /* TextViewInputAccessoryView.swift */; };
		C91B5E7A1F30FFE0DBD52A10 /* CollectionHeaderFooterController.swift in Sources */ = {isa = PBXBuildFile; fileRef = C91B5B9E1739D396D2BFD6FD /* CollectionHeaderFooterController.swift */; };
		C91B5FC0148096BDEA9EA34B /* RecentMessage.swift in Sources */ = {isa = PBXBuildFile; fileRef = C91B58283187D85C794574B5 /* RecentMessage.swift */; };
		C91B5FD3907B6B9B15423480 /* LoginViewModel.swift in Sources */ = {isa = PBXBuildFile; fileRef = C91B5EF650FDE6C5CB2F067E /* LoginViewModel.swift */; };
		C91B5FEB6EF9F7934061CFB0 /* CollectionCell.swift in Sources */ = {isa = PBXBuildFile; fileRef = C91B590C30D7CC1917D3DAB5 /* CollectionCell.swift */; };
		DC07706526088E630034C547 /* User.swift in Sources */ = {isa = PBXBuildFile; fileRef = DC07706426088E630034C547 /* User.swift */; };
		DC07706A26088FF90034C547 /* UIView+layout.swift in Sources */ = {isa = PBXBuildFile; fileRef = DC07706926088FF90034C547 /* UIView+layout.swift */; };
		DC07706E2608C8960034C547 /* CardViewModel.swift in Sources */ = {isa = PBXBuildFile; fileRef = DC07706D2608C8960034C547 /* CardViewModel.swift */; };
		DC1A0AF626088A7B002C7885 /* CardView.xib in Resources */ = {isa = PBXBuildFile; fileRef = DC1A0AF526088A7B002C7885 /* CardView.xib */; };
		DC1A0AF926088A99002C7885 /* CardView.swift in Sources */ = {isa = PBXBuildFile; fileRef = DC1A0AF826088A99002C7885 /* CardView.swift */; };
		DC3F0292260A235900CD3D42 /* RegistrationController.swift in Sources */ = {isa = PBXBuildFile; fileRef = DC3F0291260A235900CD3D42 /* RegistrationController.swift */; };
		DC3F0294260A24A300CD3D42 /* PaddingCellTextField.swift in Sources */ = {isa = PBXBuildFile; fileRef = DC3F0293260A24A300CD3D42 /* PaddingCellTextField.swift */; };
		DC3F0296260A277800CD3D42 /* UIStackView+predefinedStackView.swift in Sources */ = {isa = PBXBuildFile; fileRef = DC3F0295260A277800CD3D42 /* UIStackView+predefinedStackView.swift */; };
		DC3F0298260A278100CD3D42 /* UIEdgeInsets+convenience.swift in Sources */ = {isa = PBXBuildFile; fileRef = DC3F0297260A278100CD3D42 /* UIEdgeInsets+convenience.swift */; };
		DC5D60EA260B382600DA4A29 /* TinderFirebaseService.swift in Sources */ = {isa = PBXBuildFile; fileRef = DC5D60E9260B382600DA4A29 /* TinderFirebaseService.swift */; };
		DC60C38E2607860400D6052E /* HomeView.swift in Sources */ = {isa = PBXBuildFile; fileRef = DC60C38D2607860400D6052E /* HomeView.swift */; };
		DC60C3902607864900D6052E /* HomeView.xib in Resources */ = {isa = PBXBuildFile; fileRef = DC60C38F2607864900D6052E /* HomeView.xib */; };
		DC67C623260B5460000E8402 /* RegistrationViewModel.swift in Sources */ = {isa = PBXBuildFile; fileRef = DC67C622260B5460000E8402 /* RegistrationViewModel.swift */; };
		DC67C629260B54CB000E8402 /* Bindable.swift in Sources */ = {isa = PBXBuildFile; fileRef = DC67C628260B54CB000E8402 /* Bindable.swift */; };
		DCA6B6B8260C2D8F0045C306 /* GoogleService-Info.plist in Resources */ = {isa = PBXBuildFile; fileRef = DCA6B6B7260C2D8F0045C306 /* GoogleService-Info.plist */; };
		DCA6B6BA260C9C520045C306 /* SettingsController.swift in Sources */ = {isa = PBXBuildFile; fileRef = DCA6B6B9260C9C520045C306 /* SettingsController.swift */; };
		DCA6B6BC260CBB9E0045C306 /* SettingsCell.swift in Sources */ = {isa = PBXBuildFile; fileRef = DCA6B6BB260CBB9E0045C306 /* SettingsCell.swift */; };
		DCBEEAEB2607684F00B71F16 /* AppDelegate.swift in Sources */ = {isa = PBXBuildFile; fileRef = DCBEEAEA2607684F00B71F16 /* AppDelegate.swift */; };
		DCBEEAED2607684F00B71F16 /* SceneDelegate.swift in Sources */ = {isa = PBXBuildFile; fileRef = DCBEEAEC2607684F00B71F16 /* SceneDelegate.swift */; };
		DCBEEAEF2607684F00B71F16 /* HomeController.swift in Sources */ = {isa = PBXBuildFile; fileRef = DCBEEAEE2607684F00B71F16 /* HomeController.swift */; };
		DCBEEAF42607685000B71F16 /* Assets.xcassets in Resources */ = {isa = PBXBuildFile; fileRef = DCBEEAF32607685000B71F16 /* Assets.xcassets */; };
		DCBEEAF72607685000B71F16 /* LaunchScreen.storyboard in Resources */ = {isa = PBXBuildFile; fileRef = DCBEEAF52607685000B71F16 /* LaunchScreen.storyboard */; };
		DCE7AA1726721D400058612C /* Advertiser.swift in Sources */ = {isa = PBXBuildFile; fileRef = DCE7AA1626721D400058612C /* Advertiser.swift */; };
/* End PBXBuildFile section */

/* Begin PBXFileReference section */
		33496F6F959EC9D18C755B33 /* Pods-Tinder.debug.xcconfig */ = {isa = PBXFileReference; includeInIndex = 1; lastKnownFileType = text.xcconfig; name = "Pods-Tinder.debug.xcconfig"; path = "Target Support Files/Pods-Tinder/Pods-Tinder.debug.xcconfig"; sourceTree = "<group>"; };
		6F7514985E78335BF885483D /* Pods-Tinder.release.xcconfig */ = {isa = PBXFileReference; includeInIndex = 1; lastKnownFileType = text.xcconfig; name = "Pods-Tinder.release.xcconfig"; path = "Target Support Files/Pods-Tinder/Pods-Tinder.release.xcconfig"; sourceTree = "<group>"; };
		C91B5023DBACE9C346A81F52 /* View.swift */ = {isa = PBXFileReference; fileEncoding = 4; lastKnownFileType = sourcecode.swift; path = View.swift; sourceTree = "<group>"; };
		C91B502804115F23B19379A0 /* MatchesNavBar.swift */ = {isa = PBXFileReference; fileEncoding = 4; lastKnownFileType = sourcecode.swift; path = MatchesNavBar.swift; sourceTree = "<group>"; };
		C91B50CA47FAA51C28150A76 /* RecentMessageCell.swift */ = {isa = PBXFileReference; fileEncoding = 4; lastKnownFileType = sourcecode.swift; path = RecentMessageCell.swift; sourceTree = "<group>"; };
		C91B5193246FB75C849CBD86 /* ChatLogCell.swift */ = {isa = PBXFileReference; fileEncoding = 4; lastKnownFileType = sourcecode.swift; path = ChatLogCell.swift; sourceTree = "<group>"; };
		C91B51F8D43CD54536D4BE8F /* CGSize+utilities.swift */ = {isa = PBXFileReference; fileEncoding = 4; lastKnownFileType = sourcecode.swift; path = "CGSize+utilities.swift"; sourceTree = "<group>"; };
		C91B531B6AA8257A5116A16C /* LoginController.swift */ = {isa = PBXFileReference; fileEncoding = 4; lastKnownFileType = sourcecode.swift; path = LoginController.swift; sourceTree = "<group>"; };
		C91B53530C602C37BDC9E4E5 /* UIColor+constructor.swift */ = {isa = PBXFileReference; fileEncoding = 4; lastKnownFileType = sourcecode.swift; path = "UIColor+constructor.swift"; sourceTree = "<group>"; };
		C91B539DB8D411A404DE2378 /* UIStackView+padding.swift */ = {isa = PBXFileReference; fileEncoding = 4; lastKnownFileType = sourcecode.swift; path = "UIStackView+padding.swift"; sourceTree = "<group>"; };
		C91B53BA4BDC3E27D1434C9E /* TextViewInputAccessoryView.swift */ = {isa = PBXFileReference; fileEncoding = 4; lastKnownFileType = sourcecode.swift; path = TextViewInputAccessoryView.swift; sourceTree = "<group>"; };
		C91B54578714D64FB5D7AAAC /* MatchesHeaderItemsController.swift */ = {isa = PBXFileReference; fileEncoding = 4; lastKnownFileType = sourcecode.swift; path = MatchesHeaderItemsController.swift; sourceTree = "<group>"; };
		C91B54E36003FF1352E64336 /* UIView+layer.swift */ = {isa = PBXFileReference; fileEncoding = 4; lastKnownFileType = sourcecode.swift; path = "UIView+layer.swift"; sourceTree = "<group>"; };
		C91B54F1818E27AD74C8F3B0 /* MatchesController.swift */ = {isa = PBXFileReference; fileEncoding = 4; lastKnownFileType = sourcecode.swift; path = MatchesController.swift; sourceTree = "<group>"; };
		C91B550076A22278F8A6C0F9 /* MessageNavBar.swift */ = {isa = PBXFileReference; fileEncoding = 4; lastKnownFileType = sourcecode.swift; path = MessageNavBar.swift; sourceTree = "<group>"; };
		C91B551D0CCAD625D73BA519 /* UILabel+constructor.swift */ = {isa = PBXFileReference; fileEncoding = 4; lastKnownFileType = sourcecode.swift; path = "UILabel+constructor.swift"; sourceTree = "<group>"; };
		C91B565D15884849E5C8CF6A /* GradientButton.swift */ = {isa = PBXFileReference; fileEncoding = 4; lastKnownFileType = sourcecode.swift; path = GradientButton.swift; sourceTree = "<group>"; };
		C91B56BB79F337EB28FB9DCA /* SDWebImage+sync.swift */ = {isa = PBXFileReference; fileEncoding = 4; lastKnownFileType = sourcecode.swift; path = "SDWebImage+sync.swift"; sourceTree = "<group>"; };
		C91B56C3C0E7BF999C693A14 /* PhotoController.swift */ = {isa = PBXFileReference; fileEncoding = 4; lastKnownFileType = sourcecode.swift; path = PhotoController.swift; sourceTree = "<group>"; };
		C91B572D1B76CC3D719D0E9F /* ChatLogController.swift */ = {isa = PBXFileReference; fileEncoding = 4; lastKnownFileType = sourcecode.swift; path = ChatLogController.swift; sourceTree = "<group>"; };
		C91B57FE7F8D2668F55E4B74 /* MatchUser.swift */ = {isa = PBXFileReference; fileEncoding = 4; lastKnownFileType = sourcecode.swift; path = MatchUser.swift; sourceTree = "<group>"; };
		C91B58283187D85C794574B5 /* RecentMessage.swift */ = {isa = PBXFileReference; fileEncoding = 4; lastKnownFileType = sourcecode.swift; path = RecentMessage.swift; sourceTree = "<group>"; };
		C91B58DA2D0239C1CC51B370 /* UserDetailsController.swift */ = {isa = PBXFileReference; fileEncoding = 4; lastKnownFileType = sourcecode.swift; path = UserDetailsController.swift; sourceTree = "<group>"; };
		C91B590C30D7CC1917D3DAB5 /* CollectionCell.swift */ = {isa = PBXFileReference; fileEncoding = 4; lastKnownFileType = sourcecode.swift; path = CollectionCell.swift; sourceTree = "<group>"; };
		C91B59CC57E8B7433BBD1485 /* AgeRangeCell.swift */ = {isa = PBXFileReference; fileEncoding = 4; lastKnownFileType = sourcecode.swift; path = AgeRangeCell.swift; sourceTree = "<group>"; };
		C91B5A8F28E2FB7834B7FBE2 /* UIImageView+constructor.swift */ = {isa = PBXFileReference; fileEncoding = 4; lastKnownFileType = sourcecode.swift; path = "UIImageView+constructor.swift"; sourceTree = "<group>"; };
		C91B5B404E32FF27B84F5C09 /* MatchesHeader.swift */ = {isa = PBXFileReference; fileEncoding = 4; lastKnownFileType = sourcecode.swift; path = MatchesHeader.swift; sourceTree = "<group>"; };
		C91B5B603C9993FF68646865 /* JGProgressHUD+constructor.swift */ = {isa = PBXFileReference; fileEncoding = 4; lastKnownFileType = sourcecode.swift; path = "JGProgressHUD+constructor.swift"; sourceTree = "<group>"; };
		C91B5B6C4831CD592C5E86D6 /* UIButton+convenience.swift */ = {isa = PBXFileReference; fileEncoding = 4; lastKnownFileType = sourcecode.swift; path = "UIButton+convenience.swift"; sourceTree = "<group>"; };
		C91B5B900CAFBC4C433D6224 /* MatchView.swift */ = {isa = PBXFileReference; fileEncoding = 4; lastKnownFileType = sourcecode.swift; path = MatchView.swift; sourceTree = "<group>"; };
		C91B5B9E1739D396D2BFD6FD /* CollectionHeaderFooterController.swift */ = {isa = PBXFileReference; fileEncoding = 4; lastKnownFileType = sourcecode.swift; path = CollectionHeaderFooterController.swift; sourceTree = "<group>"; };
		C91B5BD6AF40214AF3216D26 /* UIView+onesideBorder.swift */ = {isa = PBXFileReference; fileEncoding = 4; lastKnownFileType = sourcecode.swift; path = "UIView+onesideBorder.swift"; sourceTree = "<group>"; };
		C91B5C559BAE39A8B7CDBD65 /* CollectionSelfSizingCell.swift */ = {isa = PBXFileReference; fileEncoding = 4; lastKnownFileType = sourcecode.swift; path = CollectionSelfSizingCell.swift; sourceTree = "<group>"; };
		C91B5CC6FC21C2541B24841D /* SwipingPhotosController.swift */ = {isa = PBXFileReference; fileEncoding = 4; lastKnownFileType = sourcecode.swift; path = SwipingPhotosController.swift; sourceTree = "<group>"; };
		C91B5D4D88C5926CFB7A5D60 /* Message.swift */ = {isa = PBXFileReference; fileEncoding = 4; lastKnownFileType = sourcecode.swift; path = Message.swift; sourceTree = "<group>"; };
		C91B5DBCDCE1AE49BC48A579 /* Stack.swift */ = {isa = PBXFileReference; fileEncoding = 4; lastKnownFileType = sourcecode.swift; path = Stack.swift; sourceTree = "<group>"; };
		C91B5ECFEEAD78A50A7AB80E /* BorderGradientButton.swift */ = {isa = PBXFileReference; fileEncoding = 4; lastKnownFileType = sourcecode.swift; path = BorderGradientButton.swift; sourceTree = "<group>"; };
		C91B5EF650FDE6C5CB2F067E /* LoginViewModel.swift */ = {isa = PBXFileReference; fileEncoding = 4; lastKnownFileType = sourcecode.swift; path = LoginViewModel.swift; sourceTree = "<group>"; };
		C91B5EF87E9F8F85B7563CF4 /* LoginRegisterController.swift */ = {isa = PBXFileReference; fileEncoding = 4; lastKnownFileType = sourcecode.swift; path = LoginRegisterController.swift; sourceTree = "<group>"; };
		C91B5F267D0855FEE5C4BC0C /* MatchesCell.swift */ = {isa = PBXFileReference; fileEncoding = 4; lastKnownFileType = sourcecode.swift; path = MatchesCell.swift; sourceTree = "<group>"; };
		C91B5F4191849769F0FD45FD /* UIButton+constructor.swift */ = {isa = PBXFileReference; fileEncoding = 4; lastKnownFileType = sourcecode.swift; path = "UIButton+constructor.swift"; sourceTree = "<group>"; };
		CC7810930C5E12CDE107F69D /* Pods_Tinder.framework */ = {isa = PBXFileReference; explicitFileType = wrapper.framework; includeInIndex = 0; path = Pods_Tinder.framework; sourceTree = BUILT_PRODUCTS_DIR; };
		DC07706426088E630034C547 /* User.swift */ = {isa = PBXFileReference; lastKnownFileType = sourcecode.swift; path = User.swift; sourceTree = "<group>"; };
		DC07706926088FF90034C547 /* UIView+layout.swift */ = {isa = PBXFileReference; fileEncoding = 4; lastKnownFileType = sourcecode.swift; path = "UIView+layout.swift"; sourceTree = "<group>"; };
		DC07706D2608C8960034C547 /* CardViewModel.swift */ = {isa = PBXFileReference; lastKnownFileType = sourcecode.swift; path = CardViewModel.swift; sourceTree = "<group>"; };
		DC1A0AF526088A7B002C7885 /* CardView.xib */ = {isa = PBXFileReference; lastKnownFileType = file.xib; path = CardView.xib; sourceTree = "<group>"; };
		DC1A0AF826088A99002C7885 /* CardView.swift */ = {isa = PBXFileReference; lastKnownFileType = sourcecode.swift; path = CardView.swift; sourceTree = "<group>"; };
		DC3F0291260A235900CD3D42 /* RegistrationController.swift */ = {isa = PBXFileReference; lastKnownFileType = sourcecode.swift; path = RegistrationController.swift; sourceTree = "<group>"; };
		DC3F0293260A24A300CD3D42 /* PaddingCellTextField.swift */ = {isa = PBXFileReference; lastKnownFileType = sourcecode.swift; path = PaddingCellTextField.swift; sourceTree = "<group>"; };
		DC3F0295260A277800CD3D42 /* UIStackView+predefinedStackView.swift */ = {isa = PBXFileReference; fileEncoding = 4; lastKnownFileType = sourcecode.swift; path = "UIStackView+predefinedStackView.swift"; sourceTree = "<group>"; };
		DC3F0297260A278100CD3D42 /* UIEdgeInsets+convenience.swift */ = {isa = PBXFileReference; fileEncoding = 4; lastKnownFileType = sourcecode.swift; path = "UIEdgeInsets+convenience.swift"; sourceTree = "<group>"; };
		DC5D60E9260B382600DA4A29 /* TinderFirebaseService.swift */ = {isa = PBXFileReference; lastKnownFileType = sourcecode.swift; path = TinderFirebaseService.swift; sourceTree = "<group>"; };
		DC60C38D2607860400D6052E /* HomeView.swift */ = {isa = PBXFileReference; lastKnownFileType = sourcecode.swift; path = HomeView.swift; sourceTree = "<group>"; };
		DC60C38F2607864900D6052E /* HomeView.xib */ = {isa = PBXFileReference; lastKnownFileType = file.xib; path = HomeView.xib; sourceTree = "<group>"; };
		DC67C622260B5460000E8402 /* RegistrationViewModel.swift */ = {isa = PBXFileReference; fileEncoding = 4; lastKnownFileType = sourcecode.swift; path = RegistrationViewModel.swift; sourceTree = "<group>"; };
		DC67C628260B54CB000E8402 /* Bindable.swift */ = {isa = PBXFileReference; fileEncoding = 4; lastKnownFileType = sourcecode.swift; path = Bindable.swift; sourceTree = "<group>"; };
		DCA6B6B7260C2D8F0045C306 /* GoogleService-Info.plist */ = {isa = PBXFileReference; fileEncoding = 4; lastKnownFileType = text.plist.xml; path = "GoogleService-Info.plist"; sourceTree = "<group>"; };
		DCA6B6B9260C9C520045C306 /* SettingsController.swift */ = {isa = PBXFileReference; lastKnownFileType = sourcecode.swift; path = SettingsController.swift; sourceTree = "<group>"; };
		DCA6B6BB260CBB9E0045C306 /* SettingsCell.swift */ = {isa = PBXFileReference; lastKnownFileType = sourcecode.swift; path = SettingsCell.swift; sourceTree = "<group>"; };
		DCBEEAE72607684F00B71F16 /* Tinder.app */ = {isa = PBXFileReference; explicitFileType = wrapper.application; includeInIndex = 0; path = Tinder.app; sourceTree = BUILT_PRODUCTS_DIR; };
		DCBEEAEA2607684F00B71F16 /* AppDelegate.swift */ = {isa = PBXFileReference; lastKnownFileType = sourcecode.swift; path = AppDelegate.swift; sourceTree = "<group>"; };
		DCBEEAEC2607684F00B71F16 /* SceneDelegate.swift */ = {isa = PBXFileReference; lastKnownFileType = sourcecode.swift; path = SceneDelegate.swift; sourceTree = "<group>"; };
		DCBEEAEE2607684F00B71F16 /* HomeController.swift */ = {isa = PBXFileReference; lastKnownFileType = sourcecode.swift; path = HomeController.swift; sourceTree = "<group>"; };
		DCBEEAF32607685000B71F16 /* Assets.xcassets */ = {isa = PBXFileReference; lastKnownFileType = folder.assetcatalog; path = Assets.xcassets; sourceTree = "<group>"; };
		DCBEEAF62607685000B71F16 /* Base */ = {isa = PBXFileReference; lastKnownFileType = file.storyboard; name = Base; path = Base.lproj/LaunchScreen.storyboard; sourceTree = "<group>"; };
		DCBEEAF82607685000B71F16 /* Info.plist */ = {isa = PBXFileReference; lastKnownFileType = text.plist.xml; path = Info.plist; sourceTree = "<group>"; };
		DCE7AA1626721D400058612C /* Advertiser.swift */ = {isa = PBXFileReference; fileEncoding = 4; lastKnownFileType = sourcecode.swift; path = Advertiser.swift; sourceTree = "<group>"; };
/* End PBXFileReference section */

/* Begin PBXFrameworksBuildPhase section */
		DCBEEAE42607684F00B71F16 /* Frameworks */ = {
			isa = PBXFrameworksBuildPhase;
			buildActionMask = 2147483647;
			files = (
				470166C9C30CFEBFBC972928 /* Pods_Tinder.framework in Frameworks */,
			);
			runOnlyForDeploymentPostprocessing = 0;
		};
/* End PBXFrameworksBuildPhase section */

/* Begin PBXGroup section */
		0B74736B8F5FFFE039564E26 /* Frameworks */ = {
			isa = PBXGroup;
			children = (
				CC7810930C5E12CDE107F69D /* Pods_Tinder.framework */,
			);
			name = Frameworks;
			sourceTree = "<group>";
		};
		DC07706626088F940034C547 /* Utilities */ = {
			isa = PBXGroup;
			children = (
				DC07706926088FF90034C547 /* UIView+layout.swift */,
				DC3F0295260A277800CD3D42 /* UIStackView+predefinedStackView.swift */,
				DC3F0297260A278100CD3D42 /* UIEdgeInsets+convenience.swift */,
				C91B51F8D43CD54536D4BE8F /* CGSize+utilities.swift */,
				C91B56BB79F337EB28FB9DCA /* SDWebImage+sync.swift */,
				C91B53530C602C37BDC9E4E5 /* UIColor+constructor.swift */,
				C91B539DB8D411A404DE2378 /* UIStackView+padding.swift */,
				C91B5DBCDCE1AE49BC48A579 /* Stack.swift */,
				C91B5023DBACE9C346A81F52 /* View.swift */,
				C91B5B9E1739D396D2BFD6FD /* CollectionHeaderFooterController.swift */,
				C91B590C30D7CC1917D3DAB5 /* CollectionCell.swift */,
				C91B5F4191849769F0FD45FD /* UIButton+constructor.swift */,
				C91B5A8F28E2FB7834B7FBE2 /* UIImageView+constructor.swift */,
				C91B5B6C4831CD592C5E86D6 /* UIButton+convenience.swift */,
				C91B54E36003FF1352E64336 /* UIView+layer.swift */,
				C91B5B603C9993FF68646865 /* JGProgressHUD+constructor.swift */,
				C91B551D0CCAD625D73BA519 /* UILabel+constructor.swift */,
				C91B5C559BAE39A8B7CDBD65 /* CollectionSelfSizingCell.swift */,
				C91B5BD6AF40214AF3216D26 /* UIView+onesideBorder.swift */,
			);
			path = Utilities;
			sourceTree = "<group>";
		};
		DC07706B2608C8720034C547 /* Controllers */ = {
			isa = PBXGroup;
			children = (
				DCBEEAEE2607684F00B71F16 /* HomeController.swift */,
				DC3F0291260A235900CD3D42 /* RegistrationController.swift */,
				DCA6B6B9260C9C520045C306 /* SettingsController.swift */,
				C91B5EF87E9F8F85B7563CF4 /* LoginRegisterController.swift */,
				C91B531B6AA8257A5116A16C /* LoginController.swift */,
				C91B58DA2D0239C1CC51B370 /* UserDetailsController.swift */,
				C91B5CC6FC21C2541B24841D /* SwipingPhotosController.swift */,
				C91B56C3C0E7BF999C693A14 /* PhotoController.swift */,
				C91B54F1818E27AD74C8F3B0 /* MatchesController.swift */,
				C91B572D1B76CC3D719D0E9F /* ChatLogController.swift */,
				C91B54578714D64FB5D7AAAC /* MatchesHeaderItemsController.swift */,
			);
			path = Controllers;
			sourceTree = "<group>";
		};
		DC07706C2608C87E0034C547 /* ViewModels */ = {
			isa = PBXGroup;
			children = (
				DC07706D2608C8960034C547 /* CardViewModel.swift */,
				DC67C622260B5460000E8402 /* RegistrationViewModel.swift */,
				C91B5EF650FDE6C5CB2F067E /* LoginViewModel.swift */,
			);
			path = ViewModels;
			sourceTree = "<group>";
		};
		DC1A0AF126088A1F002C7885 /* Views */ = {
			isa = PBXGroup;
			children = (
				DC1A0AF426088A5E002C7885 /* CardView */,
				DC1A0AF326088A4F002C7885 /* HomeView */,
				DC3F0293260A24A300CD3D42 /* PaddingCellTextField.swift */,
				DCA6B6BB260CBB9E0045C306 /* SettingsCell.swift */,
				C91B59CC57E8B7433BBD1485 /* AgeRangeCell.swift */,
				C91B565D15884849E5C8CF6A /* GradientButton.swift */,
				C91B5ECFEEAD78A50A7AB80E /* BorderGradientButton.swift */,
				C91B550076A22278F8A6C0F9 /* MessageNavBar.swift */,
				C91B5193246FB75C849CBD86 /* ChatLogCell.swift */,
				C91B53BA4BDC3E27D1434C9E /* TextViewInputAccessoryView.swift */,
				C91B5B404E32FF27B84F5C09 /* MatchesHeader.swift */,
				C91B50CA47FAA51C28150A76 /* RecentMessageCell.swift */,
				C91B5F267D0855FEE5C4BC0C /* MatchesCell.swift */,
				C91B5B900CAFBC4C433D6224 /* MatchView.swift */,
				C91B502804115F23B19379A0 /* MatchesNavBar.swift */,
			);
			path = Views;
			sourceTree = "<group>";
		};
		DC1A0AF226088A3E002C7885 /* Models */ = {
			isa = PBXGroup;
			children = (
				DC07706426088E630034C547 /* User.swift */,
				C91B5D4D88C5926CFB7A5D60 /* Message.swift */,
				DCE7AA1626721D400058612C /* Advertiser.swift */,
				C91B58283187D85C794574B5 /* RecentMessage.swift */,
				C91B57FE7F8D2668F55E4B74 /* MatchUser.swift */,
			);
			path = Models;
			sourceTree = "<group>";
		};
		DC1A0AF326088A4F002C7885 /* HomeView */ = {
			isa = PBXGroup;
			children = (
				DC60C38D2607860400D6052E /* HomeView.swift */,
				DC60C38F2607864900D6052E /* HomeView.xib */,
			);
			path = HomeView;
			sourceTree = "<group>";
		};
		DC1A0AF426088A5E002C7885 /* CardView */ = {
			isa = PBXGroup;
			children = (
				DC1A0AF826088A99002C7885 /* CardView.swift */,
				DC1A0AF526088A7B002C7885 /* CardView.xib */,
			);
			path = CardView;
			sourceTree = "<group>";
		};
		DC5D60E8260B380B00DA4A29 /* Services */ = {
			isa = PBXGroup;
			children = (
				DC5D60E9260B382600DA4A29 /* TinderFirebaseService.swift */,
			);
			path = Services;
			sourceTree = "<group>";
		};
		DC67C627260B54CB000E8402 /* Generics */ = {
			isa = PBXGroup;
			children = (
				DC67C628260B54CB000E8402 /* Bindable.swift */,
			);
			path = Generics;
			sourceTree = "<group>";
		};
		DCBEEADE2607684F00B71F16 = {
			isa = PBXGroup;
			children = (
				DCBEEAE92607684F00B71F16 /* Tinder */,
				DCBEEAE82607684F00B71F16 /* Products */,
				F9B40B6975AC78EB0A2FF669 /* Pods */,
				0B74736B8F5FFFE039564E26 /* Frameworks */,
			);
			sourceTree = "<group>";
		};
		DCBEEAE82607684F00B71F16 /* Products */ = {
			isa = PBXGroup;
			children = (
				DCBEEAE72607684F00B71F16 /* Tinder.app */,
			);
			name = Products;
			sourceTree = "<group>";
		};
		DCBEEAE92607684F00B71F16 /* Tinder */ = {
			isa = PBXGroup;
			children = (
				DC1A0AF226088A3E002C7885 /* Models */,
				DC1A0AF126088A1F002C7885 /* Views */,
				DC07706C2608C87E0034C547 /* ViewModels */,
				DC07706B2608C8720034C547 /* Controllers */,
				DC5D60E8260B380B00DA4A29 /* Services */,
				DC67C627260B54CB000E8402 /* Generics */,
				DC07706626088F940034C547 /* Utilities */,
				DCBEEAFE260768C500B71F16 /* Supporting files */,
				DCBEEAF82607685000B71F16 /* Info.plist */,
				DCA6B6B7260C2D8F0045C306 /* GoogleService-Info.plist */,
			);
			path = Tinder;
			sourceTree = "<group>";
		};
		DCBEEAFE260768C500B71F16 /* Supporting files */ = {
			isa = PBXGroup;
			children = (
				DCBEEAEA2607684F00B71F16 /* AppDelegate.swift */,
				DCBEEAEC2607684F00B71F16 /* SceneDelegate.swift */,
				DCBEEAF32607685000B71F16 /* Assets.xcassets */,
				DCBEEAF52607685000B71F16 /* LaunchScreen.storyboard */,
			);
			path = "Supporting files";
			sourceTree = "<group>";
		};
		F9B40B6975AC78EB0A2FF669 /* Pods */ = {
			isa = PBXGroup;
			children = (
				33496F6F959EC9D18C755B33 /* Pods-Tinder.debug.xcconfig */,
				6F7514985E78335BF885483D /* Pods-Tinder.release.xcconfig */,
			);
			path = Pods;
			sourceTree = "<group>";
		};
/* End PBXGroup section */

/* Begin PBXNativeTarget section */
		DCBEEAE62607684F00B71F16 /* Tinder */ = {
			isa = PBXNativeTarget;
			buildConfigurationList = DCBEEAFB2607685000B71F16 /* Build configuration list for PBXNativeTarget "Tinder" */;
			buildPhases = (
				6A07A658D095A22E101E5211 /* [CP] Check Pods Manifest.lock */,
				DCBEEAE32607684F00B71F16 /* Sources */,
				DCBEEAE42607684F00B71F16 /* Frameworks */,
				DCBEEAE52607684F00B71F16 /* Resources */,
				3355D553F69E2D951FE9C983 /* [CP] Embed Pods Frameworks */,
			);
			buildRules = (
			);
			dependencies = (
			);
			name = Tinder;
			productName = Tinder;
			productReference = DCBEEAE72607684F00B71F16 /* Tinder.app */;
			productType = "com.apple.product-type.application";
		};
/* End PBXNativeTarget section */

/* Begin PBXProject section */
		DCBEEADF2607684F00B71F16 /* Project object */ = {
			isa = PBXProject;
			attributes = {
				LastSwiftUpdateCheck = 1160;
				LastUpgradeCheck = 1160;
				ORGANIZATIONNAME = Brevity;
				TargetAttributes = {
					DCBEEAE62607684F00B71F16 = {
						CreatedOnToolsVersion = 11.6;
					};
				};
			};
			buildConfigurationList = DCBEEAE22607684F00B71F16 /* Build configuration list for PBXProject "Tinder" */;
			compatibilityVersion = "Xcode 9.3";
			developmentRegion = en;
			hasScannedForEncodings = 0;
			knownRegions = (
				en,
				Base,
			);
			mainGroup = DCBEEADE2607684F00B71F16;
			productRefGroup = DCBEEAE82607684F00B71F16 /* Products */;
			projectDirPath = "";
			projectRoot = "";
			targets = (
				DCBEEAE62607684F00B71F16 /* Tinder */,
			);
		};
/* End PBXProject section */

/* Begin PBXResourcesBuildPhase section */
		DCBEEAE52607684F00B71F16 /* Resources */ = {
			isa = PBXResourcesBuildPhase;
			buildActionMask = 2147483647;
			files = (
				DCBEEAF72607685000B71F16 /* LaunchScreen.storyboard in Resources */,
				DCBEEAF42607685000B71F16 /* Assets.xcassets in Resources */,
				DC1A0AF626088A7B002C7885 /* CardView.xib in Resources */,
				DCA6B6B8260C2D8F0045C306 /* GoogleService-Info.plist in Resources */,
				DC60C3902607864900D6052E /* HomeView.xib in Resources */,
			);
			runOnlyForDeploymentPostprocessing = 0;
		};
/* End PBXResourcesBuildPhase section */

/* Begin PBXShellScriptBuildPhase section */
		3355D553F69E2D951FE9C983 /* [CP] Embed Pods Frameworks */ = {
			isa = PBXShellScriptBuildPhase;
			buildActionMask = 2147483647;
			files = (
			);
			inputFileListPaths = (
				"${PODS_ROOT}/Target Support Files/Pods-Tinder/Pods-Tinder-frameworks-${CONFIGURATION}-input-files.xcfilelist",
			);
			name = "[CP] Embed Pods Frameworks";
			outputFileListPaths = (
				"${PODS_ROOT}/Target Support Files/Pods-Tinder/Pods-Tinder-frameworks-${CONFIGURATION}-output-files.xcfilelist",
			);
			runOnlyForDeploymentPostprocessing = 0;
			shellPath = /bin/sh;
			shellScript = "\"${PODS_ROOT}/Target Support Files/Pods-Tinder/Pods-Tinder-frameworks.sh\"\n";
			showEnvVarsInLog = 0;
		};
		6A07A658D095A22E101E5211 /* [CP] Check Pods Manifest.lock */ = {
			isa = PBXShellScriptBuildPhase;
			buildActionMask = 2147483647;
			files = (
			);
			inputFileListPaths = (
			);
			inputPaths = (
				"${PODS_PODFILE_DIR_PATH}/Podfile.lock",
				"${PODS_ROOT}/Manifest.lock",
			);
			name = "[CP] Check Pods Manifest.lock";
			outputFileListPaths = (
			);
			outputPaths = (
				"$(DERIVED_FILE_DIR)/Pods-Tinder-checkManifestLockResult.txt",
			);
			runOnlyForDeploymentPostprocessing = 0;
			shellPath = /bin/sh;
			shellScript = "diff \"${PODS_PODFILE_DIR_PATH}/Podfile.lock\" \"${PODS_ROOT}/Manifest.lock\" > /dev/null\nif [ $? != 0 ] ; then\n    # print error to STDERR\n    echo \"error: The sandbox is not in sync with the Podfile.lock. Run 'pod install' or update your CocoaPods installation.\" >&2\n    exit 1\nfi\n# This output is used by Xcode 'outputs' to avoid re-running this script phase.\necho \"SUCCESS\" > \"${SCRIPT_OUTPUT_FILE_0}\"\n";
			showEnvVarsInLog = 0;
		};
/* End PBXShellScriptBuildPhase section */

/* Begin PBXSourcesBuildPhase section */
		DCBEEAE32607684F00B71F16 /* Sources */ = {
			isa = PBXSourcesBuildPhase;
			buildActionMask = 2147483647;
			files = (
				DC07706A26088FF90034C547 /* UIView+layout.swift in Sources */,
				DC3F0294260A24A300CD3D42 /* PaddingCellTextField.swift in Sources */,
				DCA6B6BC260CBB9E0045C306 /* SettingsCell.swift in Sources */,
				DCBEEAEF2607684F00B71F16 /* HomeController.swift in Sources */,
				DC3F0298260A278100CD3D42 /* UIEdgeInsets+convenience.swift in Sources */,
				DC60C38E2607860400D6052E /* HomeView.swift in Sources */,
				DC5D60EA260B382600DA4A29 /* TinderFirebaseService.swift in Sources */,
				DC07706526088E630034C547 /* User.swift in Sources */,
				DCE7AA1726721D400058612C /* Advertiser.swift in Sources */,
				DC07706E2608C8960034C547 /* CardViewModel.swift in Sources */,
				DCA6B6BA260C9C520045C306 /* SettingsController.swift in Sources */,
				DCBEEAEB2607684F00B71F16 /* AppDelegate.swift in Sources */,
				DC67C629260B54CB000E8402 /* Bindable.swift in Sources */,
				DC67C623260B5460000E8402 /* RegistrationViewModel.swift in Sources */,
				DCBEEAED2607684F00B71F16 /* SceneDelegate.swift in Sources */,
				DC3F0296260A277800CD3D42 /* UIStackView+predefinedStackView.swift in Sources */,
				DC3F0292260A235900CD3D42 /* RegistrationController.swift in Sources */,
				DC1A0AF926088A99002C7885 /* CardView.swift in Sources */,
				C91B5D68972C6F39A4286CB6 /* AgeRangeCell.swift in Sources */,
				C91B52172C62F0CA27922E0F /* LoginRegisterController.swift in Sources */,
				C91B537B2AB9CAE360F4B095 /* LoginController.swift in Sources */,
				C91B5FD3907B6B9B15423480 /* LoginViewModel.swift in Sources */,
				C91B526061E13ADFF5A4F6A4 /* UserDetailsController.swift in Sources */,
				C91B58E12AAE27D73139DEB2 /* SwipingPhotosController.swift in Sources */,
				C91B521FDE8A2E086C232AE4 /* PhotoController.swift in Sources */,
				C91B5A12F669F49D9C49FA00 /* GradientButton.swift in Sources */,
				C91B5DA2955653D30F3D70A2 /* BorderGradientButton.swift in Sources */,
				C91B5557C5A86D659FFA1DDF /* CGSize+utilities.swift in Sources */,
				C91B524C405C832B8ADB9B46 /* SDWebImage+sync.swift in Sources */,
				C91B57A06E6BB0FF9F7CD212 /* MatchesController.swift in Sources */,
				C91B5734AECC0D83A8532681 /* UIColor+constructor.swift in Sources */,
				C91B5911E3D813E1E687A5BD /* UIStackView+padding.swift in Sources */,
				C91B5325410857247155AE05 /* Stack.swift in Sources */,
				C91B5D55A67D4301909D6B6B /* View.swift in Sources */,
				C91B5E7A1F30FFE0DBD52A10 /* CollectionHeaderFooterController.swift in Sources */,
				C91B5FEB6EF9F7934061CFB0 /* CollectionCell.swift in Sources */,
				C91B595DC7FCCC86E1E02655 /* UIButton+constructor.swift in Sources */,
				C91B5370B55C34187D4B2C0D /* UIImageView+constructor.swift in Sources */,
				C91B5331BA4BB4868F501046 /* UIButton+convenience.swift in Sources */,
				C91B5D41E21944C58E490AC5 /* UIView+layer.swift in Sources */,
				C91B576440B1E5D389997916 /* JGProgressHUD+constructor.swift in Sources */,
				C91B50B395E054EA1548FDF7 /* ChatLogController.swift in Sources */,
				C91B53EF99E72DAC290DDF87 /* UILabel+constructor.swift in Sources */,
				C91B5BE12FDE72F747C90150 /* MessageNavBar.swift in Sources */,
				C91B595FFDF2B397F41B1C84 /* ChatLogCell.swift in Sources */,
				C91B5BC6D02F0C7D17707BEF /* Message.swift in Sources */,
				C91B59D168E7D91336054B2E /* CollectionSelfSizingCell.swift in Sources */,
				C91B5E3B7814476AFD852E1B /* TextViewInputAccessoryView.swift in Sources */,
				C91B55E73ADB4EAF3C45B107 /* MatchesHeader.swift in Sources */,
				C91B530932BFB117705F242B /* MatchesHeaderItemsController.swift in Sources */,
				C91B50D104BCAB2034EFDE4A /* RecentMessageCell.swift in Sources */,
				C91B556706B010A683F170F9 /* UIView+onesideBorder.swift in Sources */,
				C91B5FC0148096BDEA9EA34B /* RecentMessage.swift in Sources */,
				C91B59D5EFBBA8F5229DBF53 /* MatchesCell.swift in Sources */,
				C91B564C255A2A5F117AEA02 /* MatchView.swift in Sources */,
				C91B52B16D44967F4DC0391F /* MatchesNavBar.swift in Sources */,
				C91B52F360A0CB08A4D02D68 /* MatchUser.swift in Sources */,
			);
			runOnlyForDeploymentPostprocessing = 0;
		};
/* End PBXSourcesBuildPhase section */

/* Begin PBXVariantGroup section */
		DCBEEAF52607685000B71F16 /* LaunchScreen.storyboard */ = {
			isa = PBXVariantGroup;
			children = (
				DCBEEAF62607685000B71F16 /* Base */,
			);
			name = LaunchScreen.storyboard;
			sourceTree = "<group>";
		};
/* End PBXVariantGroup section */

/* Begin XCBuildConfiguration section */
		DCBEEAF92607685000B71F16 /* Debug */ = {
			isa = XCBuildConfiguration;
			buildSettings = {
				ALWAYS_SEARCH_USER_PATHS = NO;
				CLANG_ANALYZER_NONNULL = YES;
				CLANG_ANALYZER_NUMBER_OBJECT_CONVERSION = YES_AGGRESSIVE;
				CLANG_CXX_LANGUAGE_STANDARD = "gnu++14";
				CLANG_CXX_LIBRARY = "libc++";
				CLANG_ENABLE_MODULES = YES;
				CLANG_ENABLE_OBJC_ARC = YES;
				CLANG_ENABLE_OBJC_WEAK = YES;
				CLANG_WARN_BLOCK_CAPTURE_AUTORELEASING = YES;
				CLANG_WARN_BOOL_CONVERSION = YES;
				CLANG_WARN_COMMA = YES;
				CLANG_WARN_CONSTANT_CONVERSION = YES;
				CLANG_WARN_DEPRECATED_OBJC_IMPLEMENTATIONS = YES;
				CLANG_WARN_DIRECT_OBJC_ISA_USAGE = YES_ERROR;
				CLANG_WARN_DOCUMENTATION_COMMENTS = YES;
				CLANG_WARN_EMPTY_BODY = YES;
				CLANG_WARN_ENUM_CONVERSION = YES;
				CLANG_WARN_INFINITE_RECURSION = YES;
				CLANG_WARN_INT_CONVERSION = YES;
				CLANG_WARN_NON_LITERAL_NULL_CONVERSION = YES;
				CLANG_WARN_OBJC_IMPLICIT_RETAIN_SELF = YES;
				CLANG_WARN_OBJC_LITERAL_CONVERSION = YES;
				CLANG_WARN_OBJC_ROOT_CLASS = YES_ERROR;
				CLANG_WARN_RANGE_LOOP_ANALYSIS = YES;
				CLANG_WARN_STRICT_PROTOTYPES = YES;
				CLANG_WARN_SUSPICIOUS_MOVE = YES;
				CLANG_WARN_UNGUARDED_AVAILABILITY = YES_AGGRESSIVE;
				CLANG_WARN_UNREACHABLE_CODE = YES;
				CLANG_WARN__DUPLICATE_METHOD_MATCH = YES;
				COPY_PHASE_STRIP = NO;
				DEBUG_INFORMATION_FORMAT = dwarf;
				ENABLE_STRICT_OBJC_MSGSEND = YES;
				ENABLE_TESTABILITY = YES;
				GCC_C_LANGUAGE_STANDARD = gnu11;
				GCC_DYNAMIC_NO_PIC = NO;
				GCC_NO_COMMON_BLOCKS = YES;
				GCC_OPTIMIZATION_LEVEL = 0;
				GCC_PREPROCESSOR_DEFINITIONS = (
					"DEBUG=1",
					"$(inherited)",
				);
				GCC_WARN_64_TO_32_BIT_CONVERSION = YES;
				GCC_WARN_ABOUT_RETURN_TYPE = YES_ERROR;
				GCC_WARN_UNDECLARED_SELECTOR = YES;
				GCC_WARN_UNINITIALIZED_AUTOS = YES_AGGRESSIVE;
				GCC_WARN_UNUSED_FUNCTION = YES;
				GCC_WARN_UNUSED_VARIABLE = YES;
				IPHONEOS_DEPLOYMENT_TARGET = 13.6;
				MTL_ENABLE_DEBUG_INFO = INCLUDE_SOURCE;
				MTL_FAST_MATH = YES;
				ONLY_ACTIVE_ARCH = YES;
				SDKROOT = iphoneos;
				SWIFT_ACTIVE_COMPILATION_CONDITIONS = DEBUG;
				SWIFT_OPTIMIZATION_LEVEL = "-Onone";
			};
			name = Debug;
		};
		DCBEEAFA2607685000B71F16 /* Release */ = {
			isa = XCBuildConfiguration;
			buildSettings = {
				ALWAYS_SEARCH_USER_PATHS = NO;
				CLANG_ANALYZER_NONNULL = YES;
				CLANG_ANALYZER_NUMBER_OBJECT_CONVERSION = YES_AGGRESSIVE;
				CLANG_CXX_LANGUAGE_STANDARD = "gnu++14";
				CLANG_CXX_LIBRARY = "libc++";
				CLANG_ENABLE_MODULES = YES;
				CLANG_ENABLE_OBJC_ARC = YES;
				CLANG_ENABLE_OBJC_WEAK = YES;
				CLANG_WARN_BLOCK_CAPTURE_AUTORELEASING = YES;
				CLANG_WARN_BOOL_CONVERSION = YES;
				CLANG_WARN_COMMA = YES;
				CLANG_WARN_CONSTANT_CONVERSION = YES;
				CLANG_WARN_DEPRECATED_OBJC_IMPLEMENTATIONS = YES;
				CLANG_WARN_DIRECT_OBJC_ISA_USAGE = YES_ERROR;
				CLANG_WARN_DOCUMENTATION_COMMENTS = YES;
				CLANG_WARN_EMPTY_BODY = YES;
				CLANG_WARN_ENUM_CONVERSION = YES;
				CLANG_WARN_INFINITE_RECURSION = YES;
				CLANG_WARN_INT_CONVERSION = YES;
				CLANG_WARN_NON_LITERAL_NULL_CONVERSION = YES;
				CLANG_WARN_OBJC_IMPLICIT_RETAIN_SELF = YES;
				CLANG_WARN_OBJC_LITERAL_CONVERSION = YES;
				CLANG_WARN_OBJC_ROOT_CLASS = YES_ERROR;
				CLANG_WARN_RANGE_LOOP_ANALYSIS = YES;
				CLANG_WARN_STRICT_PROTOTYPES = YES;
				CLANG_WARN_SUSPICIOUS_MOVE = YES;
				CLANG_WARN_UNGUARDED_AVAILABILITY = YES_AGGRESSIVE;
				CLANG_WARN_UNREACHABLE_CODE = YES;
				CLANG_WARN__DUPLICATE_METHOD_MATCH = YES;
				COPY_PHASE_STRIP = NO;
				DEBUG_INFORMATION_FORMAT = "dwarf-with-dsym";
				ENABLE_NS_ASSERTIONS = NO;
				ENABLE_STRICT_OBJC_MSGSEND = YES;
				GCC_C_LANGUAGE_STANDARD = gnu11;
				GCC_NO_COMMON_BLOCKS = YES;
				GCC_WARN_64_TO_32_BIT_CONVERSION = YES;
				GCC_WARN_ABOUT_RETURN_TYPE = YES_ERROR;
				GCC_WARN_UNDECLARED_SELECTOR = YES;
				GCC_WARN_UNINITIALIZED_AUTOS = YES_AGGRESSIVE;
				GCC_WARN_UNUSED_FUNCTION = YES;
				GCC_WARN_UNUSED_VARIABLE = YES;
				IPHONEOS_DEPLOYMENT_TARGET = 13.6;
				MTL_ENABLE_DEBUG_INFO = NO;
				MTL_FAST_MATH = YES;
				SDKROOT = iphoneos;
				SWIFT_COMPILATION_MODE = wholemodule;
				SWIFT_OPTIMIZATION_LEVEL = "-O";
				VALIDATE_PRODUCT = YES;
			};
			name = Release;
		};
		DCBEEAFC2607685000B71F16 /* Debug */ = {
			isa = XCBuildConfiguration;
			baseConfigurationReference = 33496F6F959EC9D18C755B33 /* Pods-Tinder.debug.xcconfig */;
			buildSettings = {
				ASSETCATALOG_COMPILER_APPICON_NAME = AppIcon;
				CODE_SIGN_STYLE = Automatic;
				DEVELOPMENT_TEAM = CRF7U674EN;
				INFOPLIST_FILE = Tinder/Info.plist;
				IPHONEOS_DEPLOYMENT_TARGET = 13.2;
				LD_RUNPATH_SEARCH_PATHS = (
					"$(inherited)",
					"@executable_path/Frameworks",
				);
				PRODUCT_BUNDLE_IDENTIFIER = China.FoeverKid.FreeLove.Tinder;
				PRODUCT_NAME = "$(TARGET_NAME)";
				SWIFT_VERSION = 5.0;
				TARGETED_DEVICE_FAMILY = "1,2";
			};
			name = Debug;
		};
		DCBEEAFD2607685000B71F16 /* Release */ = {
			isa = XCBuildConfiguration;
			baseConfigurationReference = 6F7514985E78335BF885483D /* Pods-Tinder.release.xcconfig */;
			buildSettings = {
				ASSETCATALOG_COMPILER_APPICON_NAME = AppIcon;
				CODE_SIGN_STYLE = Automatic;
				DEVELOPMENT_TEAM = CRF7U674EN;
				INFOPLIST_FILE = Tinder/Info.plist;
				IPHONEOS_DEPLOYMENT_TARGET = 13.2;
				LD_RUNPATH_SEARCH_PATHS = (
					"$(inherited)",
					"@executable_path/Frameworks",
				);
				PRODUCT_BUNDLE_IDENTIFIER = China.FoeverKid.FreeLove.Tinder;
				PRODUCT_NAME = "$(TARGET_NAME)";
				SWIFT_VERSION = 5.0;
				TARGETED_DEVICE_FAMILY = "1,2";
			};
			name = Release;
		};
/* End XCBuildConfiguration section */

/* Begin XCConfigurationList section */
		DCBEEAE22607684F00B71F16 /* Build configuration list for PBXProject "Tinder" */ = {
			isa = XCConfigurationList;
			buildConfigurations = (
				DCBEEAF92607685000B71F16 /* Debug */,
				DCBEEAFA2607685000B71F16 /* Release */,
			);
			defaultConfigurationIsVisible = 0;
			defaultConfigurationName = Release;
		};
		DCBEEAFB2607685000B71F16 /* Build configuration list for PBXNativeTarget "Tinder" */ = {
			isa = XCConfigurationList;
			buildConfigurations = (
				DCBEEAFC2607685000B71F16 /* Debug */,
				DCBEEAFD2607685000B71F16 /* Release */,
			);
			defaultConfigurationIsVisible = 0;
			defaultConfigurationName = Release;
		};
/* End XCConfigurationList section */
	};
	rootObject = DCBEEADF2607684F00B71F16 /* Project object */;
}
