// !$*UTF8*$!
{
	archiveVersion = 1;
	classes = {
	};
	objectVersion = 52;
	objects = {

/* Begin PBXBuildFile section */
		470166C9C30CFEBFBC972928 /* Pods_Tinder.framework in Frameworks */ = {isa = PBXBuildFile; fileRef = CC7810930C5E12CDE107F69D /* Pods_Tinder.framework */; };
		C91B50B395E054EA1548FDF7 /* ChatLogController.swift in Sources */ = {isa = PBXBuildFile; fileRef = C91B572D1B76CC3D719D0E9F /* ChatLogController.swift */; };
		C91B50D104BCAB2034EFDE4A /* RecentMessageCell.swift in Sources */ = {isa = PBXBuildFile; fileRef = C91B50CA47FAA51C28150A76 /* RecentMessageCell.swift */; };
		C91B52172C62F0CA27922E0F /* LoginRegisterController.swift in Sources */ = {isa = PBXBuildFile; fileRef = C91B5EF87E9F8F85B7563CF4 /* LoginRegisterController.swift */; };
		C91B521FDE8A2E086C232AE4 /* PhotoController.swift in Sources */ = {isa = PBXBuildFile; fileRef = C91B56C3C0E7BF999C693A14 /* PhotoController.swift */; };
		C91B524C405C832B8ADB9B46 /* SDWebImage+sync.swift in Sources */ = {isa = PBXBuildFile; fileRef = C91B56BB79F337EB28FB9DCA /* SDWebImage+sync.swift */; };
		C91B526061E13ADFF5A4F6A4 /* UserDetailsController.swift in Sources */ = {isa = PBXBuildFile; fileRef = C91B58DA2D0239C1CC51B370 /* UserDetailsController.swift */; };
		C91B52B16D44967F4DC0391F /* MatchesNavBar.swift in Sources */ = {isa = PBXBuildFile; fileRef = C91B502804115F23B19379A0 /* MatchesNavBar.swift */; };
		C91B537B2AB9CAE360F4B095 /* LoginController.swift in Sources */ = {isa = PBXBuildFile; fileRef = C91B531B6AA8257A5116A16C /* LoginController.swift */; };
		C91B564C255A2A5F117AEA02 /* MatchView.swift in Sources */ = {isa = PBXBuildFile; fileRef = C91B5B900CAFBC4C433D6224 /* MatchView.swift */; };
		C91B5734AECC0D83A8532681 /* UIColor+constant.swift in Sources */ = {isa = PBXBuildFile; fileRef = C91B53530C602C37BDC9E4E5 /* UIColor+constant.swift */; };
		C91B576440B1E5D389997916 /* JGProgressHUD+constructor.swift in Sources */ = {isa = PBXBuildFile; fileRef = C91B5B603C9993FF68646865 /* JGProgressHUD+constructor.swift */; };
		C91B58E12AAE27D73139DEB2 /* SwipingPhotosController.swift in Sources */ = {isa = PBXBuildFile; fileRef = C91B5CC6FC21C2541B24841D /* SwipingPhotosController.swift */; };
		C91B595FFDF2B397F41B1C84 /* ChatLogCell.swift in Sources */ = {isa = PBXBuildFile; fileRef = C91B5193246FB75C849CBD86 /* ChatLogCell.swift */; };
		C91B59D5EFBBA8F5229DBF53 /* MatchUserCell.swift in Sources */ = {isa = PBXBuildFile; fileRef = C91B5F267D0855FEE5C4BC0C /* MatchUserCell.swift */; };
		C91B5A12F669F49D9C49FA00 /* GradientButton.swift in Sources */ = {isa = PBXBuildFile; fileRef = C91B565D15884849E5C8CF6A /* GradientButton.swift */; };
		C91B5BE12FDE72F747C90150 /* MessageNavBar.swift in Sources */ = {isa = PBXBuildFile; fileRef = C91B550076A22278F8A6C0F9 /* MessageNavBar.swift */; };
		C91B5D68972C6F39A4286CB6 /* AgeRangeCell.swift in Sources */ = {isa = PBXBuildFile; fileRef = C91B59CC57E8B7433BBD1485 /* AgeRangeCell.swift */; };
		C91B5DA2955653D30F3D70A2 /* BorderGradientButton.swift in Sources */ = {isa = PBXBuildFile; fileRef = C91B5ECFEEAD78A50A7AB80E /* BorderGradientButton.swift */; };
		C91B5E3B7814476AFD852E1B /* TextViewInputAccessoryView.swift in Sources */ = {isa = PBXBuildFile; fileRef = C91B53BA4BDC3E27D1434C9E /* TextViewInputAccessoryView.swift */; };
		C91B5FD3907B6B9B15423480 /* LoginViewModel.swift in Sources */ = {isa = PBXBuildFile; fileRef = C91B5EF650FDE6C5CB2F067E /* LoginViewModel.swift */; };
		DC0704A727353C4000D49D19 /* CardDeckViewModel.swift in Sources */ = {isa = PBXBuildFile; fileRef = DC0704A627353C4000D49D19 /* CardDeckViewModel.swift */; };
		DC07706526088E630034C547 /* User.swift in Sources */ = {isa = PBXBuildFile; fileRef = DC07706426088E630034C547 /* User.swift */; };
		DC07706E2608C8960034C547 /* CardViewModel.swift in Sources */ = {isa = PBXBuildFile; fileRef = DC07706D2608C8960034C547 /* CardViewModel.swift */; };
		DC08D156275B9AA8000C477D /* MatchUsersGalleryController.swift in Sources */ = {isa = PBXBuildFile; fileRef = DC08D155275B9AA8000C477D /* MatchUsersGalleryController.swift */; };
		DC198B8F2758BFC7001066C2 /* CoreDataStack.swift in Sources */ = {isa = PBXBuildFile; fileRef = DC198B8E2758BFC7001066C2 /* CoreDataStack.swift */; };
		DC198B942758C3E5001066C2 /* Model.xcdatamodeld in Sources */ = {isa = PBXBuildFile; fileRef = DC198B922758C3E5001066C2 /* Model.xcdatamodeld */; };
		DC1A0AF926088A99002C7885 /* CardView.swift in Sources */ = {isa = PBXBuildFile; fileRef = DC1A0AF826088A99002C7885 /* CardView.swift */; };
		DC3F0292260A235900CD3D42 /* RegistrationController.swift in Sources */ = {isa = PBXBuildFile; fileRef = DC3F0291260A235900CD3D42 /* RegistrationController.swift */; };
		DC3F0294260A24A300CD3D42 /* PaddingCellTextField.swift in Sources */ = {isa = PBXBuildFile; fileRef = DC3F0293260A24A300CD3D42 /* PaddingCellTextField.swift */; };
		DC60201B275DACA600CB3EF3 /* Message+convenience.swift in Sources */ = {isa = PBXBuildFile; fileRef = DC60201A275DACA600CB3EF3 /* Message+convenience.swift */; };
		DC60201D275DD1E000CB3EF3 /* FetchedResultsCollectionViewController.swift in Sources */ = {isa = PBXBuildFile; fileRef = DC60201C275DD1E000CB3EF3 /* FetchedResultsCollectionViewController.swift */; };
		DC602021275E197E00CB3EF3 /* Match.swift in Sources */ = {isa = PBXBuildFile; fileRef = DC602020275E197E00CB3EF3 /* Match.swift */; };
		DC67C623260B5460000E8402 /* RegistrationViewModel.swift in Sources */ = {isa = PBXBuildFile; fileRef = DC67C622260B5460000E8402 /* RegistrationViewModel.swift */; };
		DC67C629260B54CB000E8402 /* Bindable.swift in Sources */ = {isa = PBXBuildFile; fileRef = DC67C628260B54CB000E8402 /* Bindable.swift */; };
		DC6811552751CB150011F43C /* DatabaseManager.swift in Sources */ = {isa = PBXBuildFile; fileRef = DC6811542751CB150011F43C /* DatabaseManager.swift */; };
		DC6B848F27393796009B8CF6 /* Main.storyboard in Resources */ = {isa = PBXBuildFile; fileRef = DC6B848E27393796009B8CF6 /* Main.storyboard */; };
		DC6DB6C927643A7100457548 /* UIView+border.swift in Sources */ = {isa = PBXBuildFile; fileRef = DC6DB6C827643A7100457548 /* UIView+border.swift */; };
		DC70C19C27315F07006B2BAA /* LoadingButton.swift in Sources */ = {isa = PBXBuildFile; fileRef = DC70C19B27315F07006B2BAA /* LoadingButton.swift */; };
		DC70C19E27316C3D006B2BAA /* LogoutFooterButton.swift in Sources */ = {isa = PBXBuildFile; fileRef = DC70C19D27316C3D006B2BAA /* LogoutFooterButton.swift */; };
		DC75B70E27389BF200FD3A76 /* CardContentView.swift in Sources */ = {isa = PBXBuildFile; fileRef = DC75B70D27389BF200FD3A76 /* CardContentView.swift */; };
		DC75B7152738A2BF00FD3A76 /* CardContentView.xib in Resources */ = {isa = PBXBuildFile; fileRef = DC75B7142738A2BF00FD3A76 /* CardContentView.xib */; };
		DC7E60782716D7FD00A6005E /* GILibrary.xcframework in Frameworks */ = {isa = PBXBuildFile; fileRef = DC7E60772716D7FD00A6005E /* GILibrary.xcframework */; };
		DC7E60792716D7FD00A6005E /* GILibrary.xcframework in Embed Frameworks */ = {isa = PBXBuildFile; fileRef = DC7E60772716D7FD00A6005E /* GILibrary.xcframework */; settings = {ATTRIBUTES = (CodeSignOnCopy, RemoveHeadersOnCopy, ); }; };
		DC91CF3F272CE4660035C73E /* CardDeckView.swift in Sources */ = {isa = PBXBuildFile; fileRef = DC91CF3E272CE4660035C73E /* CardDeckView.swift */; };
		DC9D11C92759B4F400A97383 /* Message+computed.swift in Sources */ = {isa = PBXBuildFile; fileRef = DC9D11C82759B4F400A97383 /* Message+computed.swift */; };
		DCA6B6BA260C9C520045C306 /* SettingsController.swift in Sources */ = {isa = PBXBuildFile; fileRef = DCA6B6B9260C9C520045C306 /* SettingsController.swift */; };
		DCA6B6BC260CBB9E0045C306 /* SettingsCell.swift in Sources */ = {isa = PBXBuildFile; fileRef = DCA6B6BB260CBB9E0045C306 /* SettingsCell.swift */; };
		DCAA8B462750E3CB005951D7 /* MatchesController.swift in Sources */ = {isa = PBXBuildFile; fileRef = DCAA8B452750E3CB005951D7 /* MatchesController.swift */; };
		DCBEEAEB2607684F00B71F16 /* AppDelegate.swift in Sources */ = {isa = PBXBuildFile; fileRef = DCBEEAEA2607684F00B71F16 /* AppDelegate.swift */; };
		DCBEEAED2607684F00B71F16 /* SceneDelegate.swift in Sources */ = {isa = PBXBuildFile; fileRef = DCBEEAEC2607684F00B71F16 /* SceneDelegate.swift */; };
		DCBEEAEF2607684F00B71F16 /* HomeController.swift in Sources */ = {isa = PBXBuildFile; fileRef = DCBEEAEE2607684F00B71F16 /* HomeController.swift */; };
		DCBEEAF42607685000B71F16 /* Assets.xcassets in Resources */ = {isa = PBXBuildFile; fileRef = DCBEEAF32607685000B71F16 /* Assets.xcassets */; };
		DCBEEAF72607685000B71F16 /* LaunchScreen.storyboard in Resources */ = {isa = PBXBuildFile; fileRef = DCBEEAF52607685000B71F16 /* LaunchScreen.storyboard */; };
		DCC775AC275CE64D00488C26 /* MatchUser+convenience.swift in Sources */ = {isa = PBXBuildFile; fileRef = DCC775AB275CE64D00488C26 /* MatchUser+convenience.swift */; };
		DCC775AE275CF8BA00488C26 /* NSBatchInsertRequest+execute.swift in Sources */ = {isa = PBXBuildFile; fileRef = DCC775AD275CF8BA00488C26 /* NSBatchInsertRequest+execute.swift */; };
		DCE7AA1726721D400058612C /* Advertiser.swift in Sources */ = {isa = PBXBuildFile; fileRef = DCE7AA1626721D400058612C /* Advertiser.swift */; };
		DCEE907527328C4D00EF4DCD /* UIImage+scale.swift in Sources */ = {isa = PBXBuildFile; fileRef = DCEE907427328C4D00EF4DCD /* UIImage+scale.swift */; };
		DCF1F3E42719093900DAD672 /* AuthManager.swift in Sources */ = {isa = PBXBuildFile; fileRef = DCF1F3E32719093900DAD672 /* AuthManager.swift */; };
		DCF1F3E62719094100DAD672 /* StorageManager.swift in Sources */ = {isa = PBXBuildFile; fileRef = DCF1F3E52719094100DAD672 /* StorageManager.swift */; };
/* End PBXBuildFile section */

/* Begin PBXCopyFilesBuildPhase section */
		DC7E607A2716D7FE00A6005E /* Embed Frameworks */ = {
			isa = PBXCopyFilesBuildPhase;
			buildActionMask = 2147483647;
			dstPath = "";
			dstSubfolderSpec = 10;
			files = (
				DC7E60792716D7FD00A6005E /* GILibrary.xcframework in Embed Frameworks */,
			);
			name = "Embed Frameworks";
			runOnlyForDeploymentPostprocessing = 0;
		};
/* End PBXCopyFilesBuildPhase section */

/* Begin PBXFileReference section */
		33496F6F959EC9D18C755B33 /* Pods-Tinder.debug.xcconfig */ = {isa = PBXFileReference; includeInIndex = 1; lastKnownFileType = text.xcconfig; name = "Pods-Tinder.debug.xcconfig"; path = "Target Support Files/Pods-Tinder/Pods-Tinder.debug.xcconfig"; sourceTree = "<group>"; };
		6F7514985E78335BF885483D /* Pods-Tinder.release.xcconfig */ = {isa = PBXFileReference; includeInIndex = 1; lastKnownFileType = text.xcconfig; name = "Pods-Tinder.release.xcconfig"; path = "Target Support Files/Pods-Tinder/Pods-Tinder.release.xcconfig"; sourceTree = "<group>"; };
		C91B502804115F23B19379A0 /* MatchesNavBar.swift */ = {isa = PBXFileReference; fileEncoding = 4; lastKnownFileType = sourcecode.swift; path = MatchesNavBar.swift; sourceTree = "<group>"; };
		C91B50CA47FAA51C28150A76 /* RecentMessageCell.swift */ = {isa = PBXFileReference; fileEncoding = 4; lastKnownFileType = sourcecode.swift; path = RecentMessageCell.swift; sourceTree = "<group>"; };
		C91B5193246FB75C849CBD86 /* ChatLogCell.swift */ = {isa = PBXFileReference; fileEncoding = 4; lastKnownFileType = sourcecode.swift; path = ChatLogCell.swift; sourceTree = "<group>"; };
		C91B531B6AA8257A5116A16C /* LoginController.swift */ = {isa = PBXFileReference; fileEncoding = 4; lastKnownFileType = sourcecode.swift; path = LoginController.swift; sourceTree = "<group>"; };
		C91B53530C602C37BDC9E4E5 /* UIColor+constant.swift */ = {isa = PBXFileReference; fileEncoding = 4; lastKnownFileType = sourcecode.swift; path = "UIColor+constant.swift"; sourceTree = "<group>"; };
		C91B53BA4BDC3E27D1434C9E /* TextViewInputAccessoryView.swift */ = {isa = PBXFileReference; fileEncoding = 4; lastKnownFileType = sourcecode.swift; path = TextViewInputAccessoryView.swift; sourceTree = "<group>"; };
		C91B550076A22278F8A6C0F9 /* MessageNavBar.swift */ = {isa = PBXFileReference; fileEncoding = 4; lastKnownFileType = sourcecode.swift; path = MessageNavBar.swift; sourceTree = "<group>"; };
		C91B565D15884849E5C8CF6A /* GradientButton.swift */ = {isa = PBXFileReference; fileEncoding = 4; lastKnownFileType = sourcecode.swift; path = GradientButton.swift; sourceTree = "<group>"; };
		C91B56BB79F337EB28FB9DCA /* SDWebImage+sync.swift */ = {isa = PBXFileReference; fileEncoding = 4; lastKnownFileType = sourcecode.swift; path = "SDWebImage+sync.swift"; sourceTree = "<group>"; };
		C91B56C3C0E7BF999C693A14 /* PhotoController.swift */ = {isa = PBXFileReference; fileEncoding = 4; lastKnownFileType = sourcecode.swift; path = PhotoController.swift; sourceTree = "<group>"; };
		C91B572D1B76CC3D719D0E9F /* ChatLogController.swift */ = {isa = PBXFileReference; fileEncoding = 4; lastKnownFileType = sourcecode.swift; path = ChatLogController.swift; sourceTree = "<group>"; };
		C91B58DA2D0239C1CC51B370 /* UserDetailsController.swift */ = {isa = PBXFileReference; fileEncoding = 4; lastKnownFileType = sourcecode.swift; path = UserDetailsController.swift; sourceTree = "<group>"; };
		C91B59CC57E8B7433BBD1485 /* AgeRangeCell.swift */ = {isa = PBXFileReference; fileEncoding = 4; lastKnownFileType = sourcecode.swift; path = AgeRangeCell.swift; sourceTree = "<group>"; };
		C91B5B603C9993FF68646865 /* JGProgressHUD+constructor.swift */ = {isa = PBXFileReference; fileEncoding = 4; lastKnownFileType = sourcecode.swift; path = "JGProgressHUD+constructor.swift"; sourceTree = "<group>"; };
		C91B5B900CAFBC4C433D6224 /* MatchView.swift */ = {isa = PBXFileReference; fileEncoding = 4; lastKnownFileType = sourcecode.swift; path = MatchView.swift; sourceTree = "<group>"; };
		C91B5CC6FC21C2541B24841D /* SwipingPhotosController.swift */ = {isa = PBXFileReference; fileEncoding = 4; lastKnownFileType = sourcecode.swift; path = SwipingPhotosController.swift; sourceTree = "<group>"; };
		C91B5ECFEEAD78A50A7AB80E /* BorderGradientButton.swift */ = {isa = PBXFileReference; fileEncoding = 4; lastKnownFileType = sourcecode.swift; path = BorderGradientButton.swift; sourceTree = "<group>"; };
		C91B5EF650FDE6C5CB2F067E /* LoginViewModel.swift */ = {isa = PBXFileReference; fileEncoding = 4; lastKnownFileType = sourcecode.swift; path = LoginViewModel.swift; sourceTree = "<group>"; };
		C91B5EF87E9F8F85B7563CF4 /* LoginRegisterController.swift */ = {isa = PBXFileReference; fileEncoding = 4; lastKnownFileType = sourcecode.swift; path = LoginRegisterController.swift; sourceTree = "<group>"; };
		C91B5F267D0855FEE5C4BC0C /* MatchUserCell.swift */ = {isa = PBXFileReference; fileEncoding = 4; lastKnownFileType = sourcecode.swift; path = MatchUserCell.swift; sourceTree = "<group>"; };
		CC7810930C5E12CDE107F69D /* Pods_Tinder.framework */ = {isa = PBXFileReference; explicitFileType = wrapper.framework; includeInIndex = 0; path = Pods_Tinder.framework; sourceTree = BUILT_PRODUCTS_DIR; };
		DC0704A627353C4000D49D19 /* CardDeckViewModel.swift */ = {isa = PBXFileReference; lastKnownFileType = sourcecode.swift; path = CardDeckViewModel.swift; sourceTree = "<group>"; };
		DC07706426088E630034C547 /* User.swift */ = {isa = PBXFileReference; lastKnownFileType = sourcecode.swift; path = User.swift; sourceTree = "<group>"; };
		DC07706D2608C8960034C547 /* CardViewModel.swift */ = {isa = PBXFileReference; lastKnownFileType = sourcecode.swift; path = CardViewModel.swift; sourceTree = "<group>"; };
		DC08D155275B9AA8000C477D /* MatchUsersGalleryController.swift */ = {isa = PBXFileReference; lastKnownFileType = sourcecode.swift; path = MatchUsersGalleryController.swift; sourceTree = "<group>"; };
		DC198B8E2758BFC7001066C2 /* CoreDataStack.swift */ = {isa = PBXFileReference; lastKnownFileType = sourcecode.swift; path = CoreDataStack.swift; sourceTree = "<group>"; };
		DC198B932758C3E5001066C2 /* Model.xcdatamodel */ = {isa = PBXFileReference; lastKnownFileType = wrapper.xcdatamodel; path = Model.xcdatamodel; sourceTree = "<group>"; };
		DC1A0AF826088A99002C7885 /* CardView.swift */ = {isa = PBXFileReference; lastKnownFileType = sourcecode.swift; path = CardView.swift; sourceTree = "<group>"; };
		DC3F0291260A235900CD3D42 /* RegistrationController.swift */ = {isa = PBXFileReference; lastKnownFileType = sourcecode.swift; path = RegistrationController.swift; sourceTree = "<group>"; };
		DC3F0293260A24A300CD3D42 /* PaddingCellTextField.swift */ = {isa = PBXFileReference; lastKnownFileType = sourcecode.swift; path = PaddingCellTextField.swift; sourceTree = "<group>"; };
		DC60201A275DACA600CB3EF3 /* Message+convenience.swift */ = {isa = PBXFileReference; lastKnownFileType = sourcecode.swift; path = "Message+convenience.swift"; sourceTree = "<group>"; };
		DC60201C275DD1E000CB3EF3 /* FetchedResultsCollectionViewController.swift */ = {isa = PBXFileReference; lastKnownFileType = sourcecode.swift; path = FetchedResultsCollectionViewController.swift; sourceTree = "<group>"; };
		DC602020275E197E00CB3EF3 /* Match.swift */ = {isa = PBXFileReference; lastKnownFileType = sourcecode.swift; path = Match.swift; sourceTree = "<group>"; };
		DC67C622260B5460000E8402 /* RegistrationViewModel.swift */ = {isa = PBXFileReference; fileEncoding = 4; lastKnownFileType = sourcecode.swift; path = RegistrationViewModel.swift; sourceTree = "<group>"; };
		DC67C628260B54CB000E8402 /* Bindable.swift */ = {isa = PBXFileReference; fileEncoding = 4; lastKnownFileType = sourcecode.swift; path = Bindable.swift; sourceTree = "<group>"; };
		DC6811542751CB150011F43C /* DatabaseManager.swift */ = {isa = PBXFileReference; lastKnownFileType = sourcecode.swift; path = DatabaseManager.swift; sourceTree = "<group>"; };
		DC6B848E27393796009B8CF6 /* Main.storyboard */ = {isa = PBXFileReference; fileEncoding = 4; lastKnownFileType = file.storyboard; path = Main.storyboard; sourceTree = "<group>"; };
		DC6DB6C827643A7100457548 /* UIView+border.swift */ = {isa = PBXFileReference; lastKnownFileType = sourcecode.swift; path = "UIView+border.swift"; sourceTree = "<group>"; };
		DC70C19B27315F07006B2BAA /* LoadingButton.swift */ = {isa = PBXFileReference; lastKnownFileType = sourcecode.swift; path = LoadingButton.swift; sourceTree = "<group>"; };
		DC70C19D27316C3D006B2BAA /* LogoutFooterButton.swift */ = {isa = PBXFileReference; lastKnownFileType = sourcecode.swift; path = LogoutFooterButton.swift; sourceTree = "<group>"; };
		DC75B70D27389BF200FD3A76 /* CardContentView.swift */ = {isa = PBXFileReference; lastKnownFileType = sourcecode.swift; path = CardContentView.swift; sourceTree = "<group>"; };
		DC75B7142738A2BF00FD3A76 /* CardContentView.xib */ = {isa = PBXFileReference; lastKnownFileType = file.xib; path = CardContentView.xib; sourceTree = "<group>"; };
		DC7E60772716D7FD00A6005E /* GILibrary.xcframework */ = {isa = PBXFileReference; lastKnownFileType = wrapper.xcframework; name = GILibrary.xcframework; path = Carthage/Build/GILibrary.xcframework; sourceTree = "<group>"; };
		DC91CF3E272CE4660035C73E /* CardDeckView.swift */ = {isa = PBXFileReference; lastKnownFileType = sourcecode.swift; path = CardDeckView.swift; sourceTree = "<group>"; };
		DC9D11C82759B4F400A97383 /* Message+computed.swift */ = {isa = PBXFileReference; lastKnownFileType = sourcecode.swift; path = "Message+computed.swift"; sourceTree = "<group>"; };
		DCA6B6B9260C9C520045C306 /* SettingsController.swift */ = {isa = PBXFileReference; lastKnownFileType = sourcecode.swift; path = SettingsController.swift; sourceTree = "<group>"; };
		DCA6B6BB260CBB9E0045C306 /* SettingsCell.swift */ = {isa = PBXFileReference; lastKnownFileType = sourcecode.swift; path = SettingsCell.swift; sourceTree = "<group>"; };
		DCAA8B452750E3CB005951D7 /* MatchesController.swift */ = {isa = PBXFileReference; lastKnownFileType = sourcecode.swift; path = MatchesController.swift; sourceTree = "<group>"; };
		DCBEEAE72607684F00B71F16 /* Tinder.app */ = {isa = PBXFileReference; explicitFileType = wrapper.application; includeInIndex = 0; path = Tinder.app; sourceTree = BUILT_PRODUCTS_DIR; };
		DCBEEAEA2607684F00B71F16 /* AppDelegate.swift */ = {isa = PBXFileReference; lastKnownFileType = sourcecode.swift; path = AppDelegate.swift; sourceTree = "<group>"; };
		DCBEEAEC2607684F00B71F16 /* SceneDelegate.swift */ = {isa = PBXFileReference; lastKnownFileType = sourcecode.swift; path = SceneDelegate.swift; sourceTree = "<group>"; };
		DCBEEAEE2607684F00B71F16 /* HomeController.swift */ = {isa = PBXFileReference; lastKnownFileType = sourcecode.swift; path = HomeController.swift; sourceTree = "<group>"; };
		DCBEEAF32607685000B71F16 /* Assets.xcassets */ = {isa = PBXFileReference; lastKnownFileType = folder.assetcatalog; path = Assets.xcassets; sourceTree = "<group>"; };
		DCBEEAF62607685000B71F16 /* Base */ = {isa = PBXFileReference; lastKnownFileType = file.storyboard; name = Base; path = Base.lproj/LaunchScreen.storyboard; sourceTree = "<group>"; };
		DCBEEAF82607685000B71F16 /* Info.plist */ = {isa = PBXFileReference; lastKnownFileType = text.plist.xml; path = Info.plist; sourceTree = "<group>"; };
		DCC775AB275CE64D00488C26 /* MatchUser+convenience.swift */ = {isa = PBXFileReference; lastKnownFileType = sourcecode.swift; path = "MatchUser+convenience.swift"; sourceTree = "<group>"; };
		DCC775AD275CF8BA00488C26 /* NSBatchInsertRequest+execute.swift */ = {isa = PBXFileReference; lastKnownFileType = sourcecode.swift; path = "NSBatchInsertRequest+execute.swift"; sourceTree = "<group>"; };
		DCE7AA1626721D400058612C /* Advertiser.swift */ = {isa = PBXFileReference; fileEncoding = 4; lastKnownFileType = sourcecode.swift; path = Advertiser.swift; sourceTree = "<group>"; };
		DCEE907427328C4D00EF4DCD /* UIImage+scale.swift */ = {isa = PBXFileReference; lastKnownFileType = sourcecode.swift; path = "UIImage+scale.swift"; sourceTree = "<group>"; };
		DCF1F3E32719093900DAD672 /* AuthManager.swift */ = {isa = PBXFileReference; lastKnownFileType = sourcecode.swift; path = AuthManager.swift; sourceTree = "<group>"; };
		DCF1F3E52719094100DAD672 /* StorageManager.swift */ = {isa = PBXFileReference; lastKnownFileType = sourcecode.swift; path = StorageManager.swift; sourceTree = "<group>"; };
/* End PBXFileReference section */

/* Begin PBXFrameworksBuildPhase section */
		DCBEEAE42607684F00B71F16 /* Frameworks */ = {
			isa = PBXFrameworksBuildPhase;
			buildActionMask = 2147483647;
			files = (
				470166C9C30CFEBFBC972928 /* Pods_Tinder.framework in Frameworks */,
				DC7E60782716D7FD00A6005E /* GILibrary.xcframework in Frameworks */,
			);
			runOnlyForDeploymentPostprocessing = 0;
		};
/* End PBXFrameworksBuildPhase section */

/* Begin PBXGroup section */
		0B74736B8F5FFFE039564E26 /* Frameworks */ = {
			isa = PBXGroup;
			children = (
				DC7E60772716D7FD00A6005E /* GILibrary.xcframework */,
				CC7810930C5E12CDE107F69D /* Pods_Tinder.framework */,
			);
			name = Frameworks;
			sourceTree = "<group>";
		};
		DC07706626088F940034C547 /* Extensions */ = {
			isa = PBXGroup;
			children = (
				C91B56BB79F337EB28FB9DCA /* SDWebImage+sync.swift */,
				C91B53530C602C37BDC9E4E5 /* UIColor+constant.swift */,
				C91B5B603C9993FF68646865 /* JGProgressHUD+constructor.swift */,
				DCEE907427328C4D00EF4DCD /* UIImage+scale.swift */,
				DC6DB6C827643A7100457548 /* UIView+border.swift */,
			);
			path = Extensions;
			sourceTree = "<group>";
		};
		DC198B8D2758BFAD001066C2 /* Core Data */ = {
			isa = PBXGroup;
			children = (
				DC198B8E2758BFC7001066C2 /* CoreDataStack.swift */,
				DC198B922758C3E5001066C2 /* Model.xcdatamodeld */,
				DC9D11C82759B4F400A97383 /* Message+computed.swift */,
				DCC775AB275CE64D00488C26 /* MatchUser+convenience.swift */,
				DCC775AD275CF8BA00488C26 /* NSBatchInsertRequest+execute.swift */,
				DC60201A275DACA600CB3EF3 /* Message+convenience.swift */,
			);
			path = "Core Data";
			sourceTree = "<group>";
		};
		DC1A0AF326088A4F002C7885 /* Views */ = {
			isa = PBXGroup;
			children = (
				DC91CF3D272CE4570035C73E /* CardDeckView */,
				DC1A0AF426088A5E002C7885 /* CardView */,
				DC7F1276271AC2FC0089F0BD /* MatchVIew */,
			);
			path = Views;
			sourceTree = "<group>";
		};
		DC1A0AF426088A5E002C7885 /* CardView */ = {
			isa = PBXGroup;
			children = (
				DC1A0AF826088A99002C7885 /* CardView.swift */,
				DC75B70D27389BF200FD3A76 /* CardContentView.swift */,
				DC75B7142738A2BF00FD3A76 /* CardContentView.xib */,
			);
			path = CardView;
			sourceTree = "<group>";
		};
		DC60201F275E197300CB3EF3 /* Models */ = {
			isa = PBXGroup;
			children = (
				DC602020275E197E00CB3EF3 /* Match.swift */,
			);
			path = Models;
			sourceTree = "<group>";
		};
		DC67C627260B54CB000E8402 /* Generics */ = {
			isa = PBXGroup;
			children = (
				DC67C628260B54CB000E8402 /* Bindable.swift */,
			);
			path = Generics;
			sourceTree = "<group>";
		};
		DC7E608127170D2800A6005E /* Login & Register */ = {
			isa = PBXGroup;
			children = (
				DC7E608327170D9200A6005E /* Controllers */,
				DC7F1277271AC40E0089F0BD /* Views */,
				DCA58B9927170F730047A28F /* ViewModels */,
			);
			path = "Login & Register";
			sourceTree = "<group>";
		};
		DC7E608227170D5C00A6005E /* Home */ = {
			isa = PBXGroup;
			children = (
				DCA58BAF271725840047A28F /* Controllers */,
				DC1A0AF326088A4F002C7885 /* Views */,
				DC7F126B271A84CB0089F0BD /* Models */,
				DC7F1269271A84510089F0BD /* ViewModels */,
			);
			path = Home;
			sourceTree = "<group>";
		};
		DC7E608327170D9200A6005E /* Controllers */ = {
			isa = PBXGroup;
			children = (
				C91B5EF87E9F8F85B7563CF4 /* LoginRegisterController.swift */,
				DC3F0291260A235900CD3D42 /* RegistrationController.swift */,
				C91B531B6AA8257A5116A16C /* LoginController.swift */,
			);
			path = Controllers;
			sourceTree = "<group>";
		};
		DC7F1269271A84510089F0BD /* ViewModels */ = {
			isa = PBXGroup;
			children = (
				DC07706D2608C8960034C547 /* CardViewModel.swift */,
				DC0704A627353C4000D49D19 /* CardDeckViewModel.swift */,
			);
			path = ViewModels;
			sourceTree = "<group>";
		};
		DC7F126B271A84CB0089F0BD /* Models */ = {
			isa = PBXGroup;
			children = (
				DC07706426088E630034C547 /* User.swift */,
				DCE7AA1626721D400058612C /* Advertiser.swift */,
			);
			path = Models;
			sourceTree = "<group>";
		};
		DC7F126C271A85640089F0BD /* Setting */ = {
			isa = PBXGroup;
			children = (
				DC7F1274271AC27E0089F0BD /* Controllers */,
				DC7F1275271AC2870089F0BD /* Views */,
			);
			path = Setting;
			sourceTree = "<group>";
		};
		DC7F126D271ABFFE0089F0BD /* Matches */ = {
			isa = PBXGroup;
			children = (
				DC60201F275E197300CB3EF3 /* Models */,
				DC7F126E271AC0060089F0BD /* Controllers */,
				DC7F126F271AC06B0089F0BD /* Views */,
			);
			path = Matches;
			sourceTree = "<group>";
		};
		DC7F126E271AC0060089F0BD /* Controllers */ = {
			isa = PBXGroup;
			children = (
				DCAA8B452750E3CB005951D7 /* MatchesController.swift */,
				DC08D155275B9AA8000C477D /* MatchUsersGalleryController.swift */,
				DC60201C275DD1E000CB3EF3 /* FetchedResultsCollectionViewController.swift */,
			);
			path = Controllers;
			sourceTree = "<group>";
		};
		DC7F126F271AC06B0089F0BD /* Views */ = {
			isa = PBXGroup;
			children = (
				C91B502804115F23B19379A0 /* MatchesNavBar.swift */,
				C91B5F267D0855FEE5C4BC0C /* MatchUserCell.swift */,
				C91B50CA47FAA51C28150A76 /* RecentMessageCell.swift */,
			);
			path = Views;
			sourceTree = "<group>";
		};
		DC7F1271271AC1DA0089F0BD /* Chat Log */ = {
			isa = PBXGroup;
			children = (
				DC7F1272271AC1E60089F0BD /* Controllers */,
				DC7F1273271AC1ED0089F0BD /* Views */,
			);
			path = "Chat Log";
			sourceTree = "<group>";
		};
		DC7F1272271AC1E60089F0BD /* Controllers */ = {
			isa = PBXGroup;
			children = (
				C91B572D1B76CC3D719D0E9F /* ChatLogController.swift */,
			);
			path = Controllers;
			sourceTree = "<group>";
		};
		DC7F1273271AC1ED0089F0BD /* Views */ = {
			isa = PBXGroup;
			children = (
				C91B5193246FB75C849CBD86 /* ChatLogCell.swift */,
				C91B550076A22278F8A6C0F9 /* MessageNavBar.swift */,
				C91B53BA4BDC3E27D1434C9E /* TextViewInputAccessoryView.swift */,
			);
			path = Views;
			sourceTree = "<group>";
		};
		DC7F1274271AC27E0089F0BD /* Controllers */ = {
			isa = PBXGroup;
			children = (
				DCA6B6B9260C9C520045C306 /* SettingsController.swift */,
			);
			path = Controllers;
			sourceTree = "<group>";
		};
		DC7F1275271AC2870089F0BD /* Views */ = {
			isa = PBXGroup;
			children = (
				DCA6B6BB260CBB9E0045C306 /* SettingsCell.swift */,
				C91B59CC57E8B7433BBD1485 /* AgeRangeCell.swift */,
				DC70C19B27315F07006B2BAA /* LoadingButton.swift */,
				DC70C19D27316C3D006B2BAA /* LogoutFooterButton.swift */,
			);
			path = Views;
			sourceTree = "<group>";
		};
		DC7F1276271AC2FC0089F0BD /* MatchVIew */ = {
			isa = PBXGroup;
			children = (
				C91B5B900CAFBC4C433D6224 /* MatchView.swift */,
				C91B565D15884849E5C8CF6A /* GradientButton.swift */,
				C91B5ECFEEAD78A50A7AB80E /* BorderGradientButton.swift */,
			);
			path = MatchVIew;
			sourceTree = "<group>";
		};
		DC7F1277271AC40E0089F0BD /* Views */ = {
			isa = PBXGroup;
			children = (
				DC3F0293260A24A300CD3D42 /* PaddingCellTextField.swift */,
			);
			path = Views;
			sourceTree = "<group>";
		};
		DC7F1279271AC4BA0089F0BD /* User Details */ = {
			isa = PBXGroup;
			children = (
				C91B58DA2D0239C1CC51B370 /* UserDetailsController.swift */,
			);
			path = "User Details";
			sourceTree = "<group>";
		};
		DC7F127A271AC5350089F0BD /* Photo */ = {
			isa = PBXGroup;
			children = (
				C91B5CC6FC21C2541B24841D /* SwipingPhotosController.swift */,
				C91B56C3C0E7BF999C693A14 /* PhotoController.swift */,
			);
			path = Photo;
			sourceTree = "<group>";
		};
		DC91CF3D272CE4570035C73E /* CardDeckView */ = {
			isa = PBXGroup;
			children = (
				DC91CF3E272CE4660035C73E /* CardDeckView.swift */,
			);
			path = CardDeckView;
			sourceTree = "<group>";
		};
		DCA58B9927170F730047A28F /* ViewModels */ = {
			isa = PBXGroup;
			children = (
				C91B5EF650FDE6C5CB2F067E /* LoginViewModel.swift */,
				DC67C622260B5460000E8402 /* RegistrationViewModel.swift */,
			);
			path = ViewModels;
			sourceTree = "<group>";
		};
		DCA58BAF271725840047A28F /* Controllers */ = {
			isa = PBXGroup;
			children = (
				DCBEEAEE2607684F00B71F16 /* HomeController.swift */,
			);
			path = Controllers;
			sourceTree = "<group>";
		};
		DCBEEADE2607684F00B71F16 = {
			isa = PBXGroup;
			children = (
				DCBEEAE92607684F00B71F16 /* Tinder */,
				DCBEEAE82607684F00B71F16 /* Products */,
				F9B40B6975AC78EB0A2FF669 /* Pods */,
				0B74736B8F5FFFE039564E26 /* Frameworks */,
			);
			sourceTree = "<group>";
		};
		DCBEEAE82607684F00B71F16 /* Products */ = {
			isa = PBXGroup;
			children = (
				DCBEEAE72607684F00B71F16 /* Tinder.app */,
			);
			name = Products;
			sourceTree = "<group>";
		};
		DCBEEAE92607684F00B71F16 /* Tinder */ = {
			isa = PBXGroup;
			children = (
				DC198B8D2758BFAD001066C2 /* Core Data */,
				DC7E608227170D5C00A6005E /* Home */,
				DC7E608127170D2800A6005E /* Login & Register */,
				DC7F127A271AC5350089F0BD /* Photo */,
				DC7F1279271AC4BA0089F0BD /* User Details */,
				DC7F126C271A85640089F0BD /* Setting */,
				DC7F126D271ABFFE0089F0BD /* Matches */,
				DC7F1271271AC1DA0089F0BD /* Chat Log */,
				DCF1F3E22719092D00DAD672 /* Managers */,
				DC67C627260B54CB000E8402 /* Generics */,
				DC07706626088F940034C547 /* Extensions */,
				DCBEEAFE260768C500B71F16 /* Supporting files */,
				DCBEEAF82607685000B71F16 /* Info.plist */,
				DC6B848E27393796009B8CF6 /* Main.storyboard */,
			);
			path = Tinder;
			sourceTree = "<group>";
		};
		DCBEEAFE260768C500B71F16 /* Supporting files */ = {
			isa = PBXGroup;
			children = (
				DCBEEAEA2607684F00B71F16 /* AppDelegate.swift */,
				DCBEEAEC2607684F00B71F16 /* SceneDelegate.swift */,
				DCBEEAF32607685000B71F16 /* Assets.xcassets */,
				DCBEEAF52607685000B71F16 /* LaunchScreen.storyboard */,
			);
			path = "Supporting files";
			sourceTree = "<group>";
		};
		DCF1F3E22719092D00DAD672 /* Managers */ = {
			isa = PBXGroup;
			children = (
				DCF1F3E32719093900DAD672 /* AuthManager.swift */,
				DCF1F3E52719094100DAD672 /* StorageManager.swift */,
				DC6811542751CB150011F43C /* DatabaseManager.swift */,
			);
			path = Managers;
			sourceTree = "<group>";
		};
		F9B40B6975AC78EB0A2FF669 /* Pods */ = {
			isa = PBXGroup;
			children = (
				33496F6F959EC9D18C755B33 /* Pods-Tinder.debug.xcconfig */,
				6F7514985E78335BF885483D /* Pods-Tinder.release.xcconfig */,
			);
			path = Pods;
			sourceTree = "<group>";
		};
/* End PBXGroup section */

/* Begin PBXNativeTarget section */
		DCBEEAE62607684F00B71F16 /* Tinder */ = {
			isa = PBXNativeTarget;
			buildConfigurationList = DCBEEAFB2607685000B71F16 /* Build configuration list for PBXNativeTarget "Tinder" */;
			buildPhases = (
				6A07A658D095A22E101E5211 /* [CP] Check Pods Manifest.lock */,
				DCBEEAE32607684F00B71F16 /* Sources */,
				DCBEEAE42607684F00B71F16 /* Frameworks */,
				DCBEEAE52607684F00B71F16 /* Resources */,
				3355D553F69E2D951FE9C983 /* [CP] Embed Pods Frameworks */,
				DC7E607A2716D7FE00A6005E /* Embed Frameworks */,
			);
			buildRules = (
			);
			dependencies = (
			);
			name = Tinder;
			productName = Tinder;
			productReference = DCBEEAE72607684F00B71F16 /* Tinder.app */;
			productType = "com.apple.product-type.application";
		};
/* End PBXNativeTarget section */

/* Begin PBXProject section */
		DCBEEADF2607684F00B71F16 /* Project object */ = {
			isa = PBXProject;
			attributes = {
				LastSwiftUpdateCheck = 1160;
				LastUpgradeCheck = 1160;
				ORGANIZATIONNAME = Brevity;
				TargetAttributes = {
					DCBEEAE62607684F00B71F16 = {
						CreatedOnToolsVersion = 11.6;
					};
				};
			};
			buildConfigurationList = DCBEEAE22607684F00B71F16 /* Build configuration list for PBXProject "Tinder" */;
			compatibilityVersion = "Xcode 9.3";
			developmentRegion = en;
			hasScannedForEncodings = 0;
			knownRegions = (
				en,
				Base,
			);
			mainGroup = DCBEEADE2607684F00B71F16;
			productRefGroup = DCBEEAE82607684F00B71F16 /* Products */;
			projectDirPath = "";
			projectRoot = "";
			targets = (
				DCBEEAE62607684F00B71F16 /* Tinder */,
			);
		};
/* End PBXProject section */

/* Begin PBXResourcesBuildPhase section */
		DCBEEAE52607684F00B71F16 /* Resources */ = {
			isa = PBXResourcesBuildPhase;
			buildActionMask = 2147483647;
			files = (
				DC75B7152738A2BF00FD3A76 /* CardContentView.xib in Resources */,
				DCBEEAF72607685000B71F16 /* LaunchScreen.storyboard in Resources */,
				DCBEEAF42607685000B71F16 /* Assets.xcassets in Resources */,
				DC6B848F27393796009B8CF6 /* Main.storyboard in Resources */,
			);
			runOnlyForDeploymentPostprocessing = 0;
		};
/* End PBXResourcesBuildPhase section */

/* Begin PBXShellScriptBuildPhase section */
		3355D553F69E2D951FE9C983 /* [CP] Embed Pods Frameworks */ = {
			isa = PBXShellScriptBuildPhase;
			buildActionMask = 2147483647;
			files = (
			);
			inputFileListPaths = (
				"${PODS_ROOT}/Target Support Files/Pods-Tinder/Pods-Tinder-frameworks-${CONFIGURATION}-input-files.xcfilelist",
			);
			name = "[CP] Embed Pods Frameworks";
			outputFileListPaths = (
				"${PODS_ROOT}/Target Support Files/Pods-Tinder/Pods-Tinder-frameworks-${CONFIGURATION}-output-files.xcfilelist",
			);
			runOnlyForDeploymentPostprocessing = 0;
			shellPath = /bin/sh;
			shellScript = "\"${PODS_ROOT}/Target Support Files/Pods-Tinder/Pods-Tinder-frameworks.sh\"\n";
			showEnvVarsInLog = 0;
		};
		6A07A658D095A22E101E5211 /* [CP] Check Pods Manifest.lock */ = {
			isa = PBXShellScriptBuildPhase;
			buildActionMask = 2147483647;
			files = (
			);
			inputFileListPaths = (
			);
			inputPaths = (
				"${PODS_PODFILE_DIR_PATH}/Podfile.lock",
				"${PODS_ROOT}/Manifest.lock",
			);
			name = "[CP] Check Pods Manifest.lock";
			outputFileListPaths = (
			);
			outputPaths = (
				"$(DERIVED_FILE_DIR)/Pods-Tinder-checkManifestLockResult.txt",
			);
			runOnlyForDeploymentPostprocessing = 0;
			shellPath = /bin/sh;
			shellScript = "diff \"${PODS_PODFILE_DIR_PATH}/Podfile.lock\" \"${PODS_ROOT}/Manifest.lock\" > /dev/null\nif [ $? != 0 ] ; then\n    # print error to STDERR\n    echo \"error: The sandbox is not in sync with the Podfile.lock. Run 'pod install' or update your CocoaPods installation.\" >&2\n    exit 1\nfi\n# This output is used by Xcode 'outputs' to avoid re-running this script phase.\necho \"SUCCESS\" > \"${SCRIPT_OUTPUT_FILE_0}\"\n";
			showEnvVarsInLog = 0;
		};
/* End PBXShellScriptBuildPhase section */

/* Begin PBXSourcesBuildPhase section */
		DCBEEAE32607684F00B71F16 /* Sources */ = {
			isa = PBXSourcesBuildPhase;
			buildActionMask = 2147483647;
			files = (
				DC3F0294260A24A300CD3D42 /* PaddingCellTextField.swift in Sources */,
				DCF1F3E42719093900DAD672 /* AuthManager.swift in Sources */,
				DCA6B6BC260CBB9E0045C306 /* SettingsCell.swift in Sources */,
				DCBEEAEF2607684F00B71F16 /* HomeController.swift in Sources */,
				DC07706526088E630034C547 /* User.swift in Sources */,
				DCE7AA1726721D400058612C /* Advertiser.swift in Sources */,
				DC07706E2608C8960034C547 /* CardViewModel.swift in Sources */,
				DC9D11C92759B4F400A97383 /* Message+computed.swift in Sources */,
				DCA6B6BA260C9C520045C306 /* SettingsController.swift in Sources */,
				DCBEEAEB2607684F00B71F16 /* AppDelegate.swift in Sources */,
				DC198B942758C3E5001066C2 /* Model.xcdatamodeld in Sources */,
				DC67C629260B54CB000E8402 /* Bindable.swift in Sources */,
				DC75B70E27389BF200FD3A76 /* CardContentView.swift in Sources */,
				DC70C19C27315F07006B2BAA /* LoadingButton.swift in Sources */,
				DC67C623260B5460000E8402 /* RegistrationViewModel.swift in Sources */,
				DCBEEAED2607684F00B71F16 /* SceneDelegate.swift in Sources */,
				DCAA8B462750E3CB005951D7 /* MatchesController.swift in Sources */,
				DC602021275E197E00CB3EF3 /* Match.swift in Sources */,
				DC3F0292260A235900CD3D42 /* RegistrationController.swift in Sources */,
				DC1A0AF926088A99002C7885 /* CardView.swift in Sources */,
				C91B5D68972C6F39A4286CB6 /* AgeRangeCell.swift in Sources */,
				C91B52172C62F0CA27922E0F /* LoginRegisterController.swift in Sources */,
				C91B537B2AB9CAE360F4B095 /* LoginController.swift in Sources */,
				DC08D156275B9AA8000C477D /* MatchUsersGalleryController.swift in Sources */,
				C91B5FD3907B6B9B15423480 /* LoginViewModel.swift in Sources */,
				C91B526061E13ADFF5A4F6A4 /* UserDetailsController.swift in Sources */,
				C91B58E12AAE27D73139DEB2 /* SwipingPhotosController.swift in Sources */,
				C91B521FDE8A2E086C232AE4 /* PhotoController.swift in Sources */,
				DCC775AE275CF8BA00488C26 /* NSBatchInsertRequest+execute.swift in Sources */,
				DC60201B275DACA600CB3EF3 /* Message+convenience.swift in Sources */,
				C91B5A12F669F49D9C49FA00 /* GradientButton.swift in Sources */,
				C91B5DA2955653D30F3D70A2 /* BorderGradientButton.swift in Sources */,
				C91B524C405C832B8ADB9B46 /* SDWebImage+sync.swift in Sources */,
				DC91CF3F272CE4660035C73E /* CardDeckView.swift in Sources */,
				DC6DB6C927643A7100457548 /* UIView+border.swift in Sources */,
				DC0704A727353C4000D49D19 /* CardDeckViewModel.swift in Sources */,
				C91B5734AECC0D83A8532681 /* UIColor+constant.swift in Sources */,
				C91B576440B1E5D389997916 /* JGProgressHUD+constructor.swift in Sources */,
				DC60201D275DD1E000CB3EF3 /* FetchedResultsCollectionViewController.swift in Sources */,
				C91B50B395E054EA1548FDF7 /* ChatLogController.swift in Sources */,
				C91B5BE12FDE72F747C90150 /* MessageNavBar.swift in Sources */,
				C91B595FFDF2B397F41B1C84 /* ChatLogCell.swift in Sources */,
				DCEE907527328C4D00EF4DCD /* UIImage+scale.swift in Sources */,
				DCC775AC275CE64D00488C26 /* MatchUser+convenience.swift in Sources */,
				DCF1F3E62719094100DAD672 /* StorageManager.swift in Sources */,
				C91B5E3B7814476AFD852E1B /* TextViewInputAccessoryView.swift in Sources */,
				C91B50D104BCAB2034EFDE4A /* RecentMessageCell.swift in Sources */,
				DC6811552751CB150011F43C /* DatabaseManager.swift in Sources */,
				DC70C19E27316C3D006B2BAA /* LogoutFooterButton.swift in Sources */,
				C91B59D5EFBBA8F5229DBF53 /* MatchUserCell.swift in Sources */,
				DC198B8F2758BFC7001066C2 /* CoreDataStack.swift in Sources */,
				C91B564C255A2A5F117AEA02 /* MatchView.swift in Sources */,
				C91B52B16D44967F4DC0391F /* MatchesNavBar.swift in Sources */,
			);
			runOnlyForDeploymentPostprocessing = 0;
		};
/* End PBXSourcesBuildPhase section */

/* Begin PBXVariantGroup section */
		DCBEEAF52607685000B71F16 /* LaunchScreen.storyboard */ = {
			isa = PBXVariantGroup;
			children = (
				DCBEEAF62607685000B71F16 /* Base */,
			);
			name = LaunchScreen.storyboard;
			sourceTree = "<group>";
		};
/* End PBXVariantGroup section */

/* Begin XCBuildConfiguration section */
		DCBEEAF92607685000B71F16 /* Debug */ = {
			isa = XCBuildConfiguration;
			buildSettings = {
				ALWAYS_SEARCH_USER_PATHS = NO;
				CLANG_ANALYZER_NONNULL = YES;
				CLANG_ANALYZER_NUMBER_OBJECT_CONVERSION = YES_AGGRESSIVE;
				CLANG_CXX_LANGUAGE_STANDARD = "gnu++14";
				CLANG_CXX_LIBRARY = "libc++";
				CLANG_ENABLE_MODULES = YES;
				CLANG_ENABLE_OBJC_ARC = YES;
				CLANG_ENABLE_OBJC_WEAK = YES;
				CLANG_WARN_BLOCK_CAPTURE_AUTORELEASING = YES;
				CLANG_WARN_BOOL_CONVERSION = YES;
				CLANG_WARN_COMMA = YES;
				CLANG_WARN_CONSTANT_CONVERSION = YES;
				CLANG_WARN_DEPRECATED_OBJC_IMPLEMENTATIONS = YES;
				CLANG_WARN_DIRECT_OBJC_ISA_USAGE = YES_ERROR;
				CLANG_WARN_DOCUMENTATION_COMMENTS = YES;
				CLANG_WARN_EMPTY_BODY = YES;
				CLANG_WARN_ENUM_CONVERSION = YES;
				CLANG_WARN_INFINITE_RECURSION = YES;
				CLANG_WARN_INT_CONVERSION = YES;
				CLANG_WARN_NON_LITERAL_NULL_CONVERSION = YES;
				CLANG_WARN_OBJC_IMPLICIT_RETAIN_SELF = YES;
				CLANG_WARN_OBJC_LITERAL_CONVERSION = YES;
				CLANG_WARN_OBJC_ROOT_CLASS = YES_ERROR;
				CLANG_WARN_RANGE_LOOP_ANALYSIS = YES;
				CLANG_WARN_STRICT_PROTOTYPES = YES;
				CLANG_WARN_SUSPICIOUS_MOVE = YES;
				CLANG_WARN_UNGUARDED_AVAILABILITY = YES_AGGRESSIVE;
				CLANG_WARN_UNREACHABLE_CODE = YES;
				CLANG_WARN__DUPLICATE_METHOD_MATCH = YES;
				COPY_PHASE_STRIP = NO;
				DEBUG_INFORMATION_FORMAT = dwarf;
				ENABLE_STRICT_OBJC_MSGSEND = YES;
				ENABLE_TESTABILITY = YES;
				GCC_C_LANGUAGE_STANDARD = gnu11;
				GCC_DYNAMIC_NO_PIC = NO;
				GCC_NO_COMMON_BLOCKS = YES;
				GCC_OPTIMIZATION_LEVEL = 0;
				GCC_PREPROCESSOR_DEFINITIONS = (
					"DEBUG=1",
					"$(inherited)",
				);
				GCC_WARN_64_TO_32_BIT_CONVERSION = YES;
				GCC_WARN_ABOUT_RETURN_TYPE = YES_ERROR;
				GCC_WARN_UNDECLARED_SELECTOR = YES;
				GCC_WARN_UNINITIALIZED_AUTOS = YES_AGGRESSIVE;
				GCC_WARN_UNUSED_FUNCTION = YES;
				GCC_WARN_UNUSED_VARIABLE = YES;
				IPHONEOS_DEPLOYMENT_TARGET = 13.6;
				MTL_ENABLE_DEBUG_INFO = INCLUDE_SOURCE;
				MTL_FAST_MATH = YES;
				ONLY_ACTIVE_ARCH = YES;
				SDKROOT = iphoneos;
				SWIFT_ACTIVE_COMPILATION_CONDITIONS = DEBUG;
				SWIFT_OPTIMIZATION_LEVEL = "-Onone";
			};
			name = Debug;
		};
		DCBEEAFA2607685000B71F16 /* Release */ = {
			isa = XCBuildConfiguration;
			buildSettings = {
				ALWAYS_SEARCH_USER_PATHS = NO;
				CLANG_ANALYZER_NONNULL = YES;
				CLANG_ANALYZER_NUMBER_OBJECT_CONVERSION = YES_AGGRESSIVE;
				CLANG_CXX_LANGUAGE_STANDARD = "gnu++14";
				CLANG_CXX_LIBRARY = "libc++";
				CLANG_ENABLE_MODULES = YES;
				CLANG_ENABLE_OBJC_ARC = YES;
				CLANG_ENABLE_OBJC_WEAK = YES;
				CLANG_WARN_BLOCK_CAPTURE_AUTORELEASING = YES;
				CLANG_WARN_BOOL_CONVERSION = YES;
				CLANG_WARN_COMMA = YES;
				CLANG_WARN_CONSTANT_CONVERSION = YES;
				CLANG_WARN_DEPRECATED_OBJC_IMPLEMENTATIONS = YES;
				CLANG_WARN_DIRECT_OBJC_ISA_USAGE = YES_ERROR;
				CLANG_WARN_DOCUMENTATION_COMMENTS = YES;
				CLANG_WARN_EMPTY_BODY = YES;
				CLANG_WARN_ENUM_CONVERSION = YES;
				CLANG_WARN_INFINITE_RECURSION = YES;
				CLANG_WARN_INT_CONVERSION = YES;
				CLANG_WARN_NON_LITERAL_NULL_CONVERSION = YES;
				CLANG_WARN_OBJC_IMPLICIT_RETAIN_SELF = YES;
				CLANG_WARN_OBJC_LITERAL_CONVERSION = YES;
				CLANG_WARN_OBJC_ROOT_CLASS = YES_ERROR;
				CLANG_WARN_RANGE_LOOP_ANALYSIS = YES;
				CLANG_WARN_STRICT_PROTOTYPES = YES;
				CLANG_WARN_SUSPICIOUS_MOVE = YES;
				CLANG_WARN_UNGUARDED_AVAILABILITY = YES_AGGRESSIVE;
				CLANG_WARN_UNREACHABLE_CODE = YES;
				CLANG_WARN__DUPLICATE_METHOD_MATCH = YES;
				COPY_PHASE_STRIP = NO;
				DEBUG_INFORMATION_FORMAT = "dwarf-with-dsym";
				ENABLE_NS_ASSERTIONS = NO;
				ENABLE_STRICT_OBJC_MSGSEND = YES;
				GCC_C_LANGUAGE_STANDARD = gnu11;
				GCC_NO_COMMON_BLOCKS = YES;
				GCC_WARN_64_TO_32_BIT_CONVERSION = YES;
				GCC_WARN_ABOUT_RETURN_TYPE = YES_ERROR;
				GCC_WARN_UNDECLARED_SELECTOR = YES;
				GCC_WARN_UNINITIALIZED_AUTOS = YES_AGGRESSIVE;
				GCC_WARN_UNUSED_FUNCTION = YES;
				GCC_WARN_UNUSED_VARIABLE = YES;
				IPHONEOS_DEPLOYMENT_TARGET = 13.6;
				MTL_ENABLE_DEBUG_INFO = NO;
				MTL_FAST_MATH = YES;
				SDKROOT = iphoneos;
				SWIFT_COMPILATION_MODE = wholemodule;
				SWIFT_OPTIMIZATION_LEVEL = "-O";
				VALIDATE_PRODUCT = YES;
			};
			name = Release;
		};
		DCBEEAFC2607685000B71F16 /* Debug */ = {
			isa = XCBuildConfiguration;
			baseConfigurationReference = 33496F6F959EC9D18C755B33 /* Pods-Tinder.debug.xcconfig */;
			buildSettings = {
				ASSETCATALOG_COMPILER_APPICON_NAME = AppIcon;
				CODE_SIGN_STYLE = Automatic;
				DEVELOPMENT_TEAM = CRF7U674EN;
				INFOPLIST_FILE = Tinder/Info.plist;
				IPHONEOS_DEPLOYMENT_TARGET = 13.2;
				LD_RUNPATH_SEARCH_PATHS = (
					"$(inherited)",
					"@executable_path/Frameworks",
				);
				PRODUCT_BUNDLE_IDENTIFIER = China.FoeverKid.FreeLove.Tinder;
				PRODUCT_NAME = "$(TARGET_NAME)";
				SWIFT_VERSION = 5.0;
				TARGETED_DEVICE_FAMILY = "1,2";
			};
			name = Debug;
		};
		DCBEEAFD2607685000B71F16 /* Release */ = {
			isa = XCBuildConfiguration;
			baseConfigurationReference = 6F7514985E78335BF885483D /* Pods-Tinder.release.xcconfig */;
			buildSettings = {
				ASSETCATALOG_COMPILER_APPICON_NAME = AppIcon;
				CODE_SIGN_STYLE = Automatic;
				DEVELOPMENT_TEAM = CRF7U674EN;
				INFOPLIST_FILE = Tinder/Info.plist;
				IPHONEOS_DEPLOYMENT_TARGET = 13.2;
				LD_RUNPATH_SEARCH_PATHS = (
					"$(inherited)",
					"@executable_path/Frameworks",
				);
				PRODUCT_BUNDLE_IDENTIFIER = China.FoeverKid.FreeLove.Tinder;
				PRODUCT_NAME = "$(TARGET_NAME)";
				SWIFT_VERSION = 5.0;
				TARGETED_DEVICE_FAMILY = "1,2";
			};
			name = Release;
		};
/* End XCBuildConfiguration section */

/* Begin XCConfigurationList section */
		DCBEEAE22607684F00B71F16 /* Build configuration list for PBXProject "Tinder" */ = {
			isa = XCConfigurationList;
			buildConfigurations = (
				DCBEEAF92607685000B71F16 /* Debug */,
				DCBEEAFA2607685000B71F16 /* Release */,
			);
			defaultConfigurationIsVisible = 0;
			defaultConfigurationName = Release;
		};
		DCBEEAFB2607685000B71F16 /* Build configuration list for PBXNativeTarget "Tinder" */ = {
			isa = XCConfigurationList;
			buildConfigurations = (
				DCBEEAFC2607685000B71F16 /* Debug */,
				DCBEEAFD2607685000B71F16 /* Release */,
			);
			defaultConfigurationIsVisible = 0;
			defaultConfigurationName = Release;
		};
/* End XCConfigurationList section */

/* Begin XCVersionGroup section */
		DC198B922758C3E5001066C2 /* Model.xcdatamodeld */ = {
			isa = XCVersionGroup;
			children = (
				DC198B932758C3E5001066C2 /* Model.xcdatamodel */,
			);
			currentVersion = DC198B932758C3E5001066C2 /* Model.xcdatamodel */;
			path = Model.xcdatamodeld;
			sourceTree = "<group>";
			versionGroupType = wrapper.xcdatamodel;
		};
/* End XCVersionGroup section */
	};
	rootObject = DCBEEADF2607684F00B71F16 /* Project object */;
}
