// !$*UTF8*$!
{
	archiveVersion = 1;
	classes = {
	};
	objectVersion = 50;
	objects = {

/* Begin PBXBuildFile section */
		DC60C38E2607860400D6052E /* HomeView.swift in Sources */ = {isa = PBXBuildFile; fileRef = DC60C38D2607860400D6052E /* HomeView.swift */; };
		DC60C3902607864900D6052E /* HomeView.xib in Resources */ = {isa = PBXBuildFile; fileRef = DC60C38F2607864900D6052E /* HomeView.xib */; };
		DCBEEAEB2607684F00B71F16 /* AppDelegate.swift in Sources */ = {isa = PBXBuildFile; fileRef = DCBEEAEA2607684F00B71F16 /* AppDelegate.swift */; };
		DCBEEAED2607684F00B71F16 /* SceneDelegate.swift in Sources */ = {isa = PBXBuildFile; fileRef = DCBEEAEC2607684F00B71F16 /* SceneDelegate.swift */; };
		DCBEEAEF2607684F00B71F16 /* ViewController.swift in Sources */ = {isa = PBXBuildFile; fileRef = DCBEEAEE2607684F00B71F16 /* ViewController.swift */; };
		DCBEEAF42607685000B71F16 /* Assets.xcassets in Resources */ = {isa = PBXBuildFile; fileRef = DCBEEAF32607685000B71F16 /* Assets.xcassets */; };
		DCBEEAF72607685000B71F16 /* LaunchScreen.storyboard in Resources */ = {isa = PBXBuildFile; fileRef = DCBEEAF52607685000B71F16 /* LaunchScreen.storyboard */; };
/* End PBXBuildFile section */

/* Begin PBXFileReference section */
		DC60C38D2607860400D6052E /* HomeView.swift */ = {isa = PBXFileReference; lastKnownFileType = sourcecode.swift; path = HomeView.swift; sourceTree = "<group>"; };
		DC60C38F2607864900D6052E /* HomeView.xib */ = {isa = PBXFileReference; lastKnownFileType = file.xib; path = HomeView.xib; sourceTree = "<group>"; };
		DCBEEAE72607684F00B71F16 /* Tinder.app */ = {isa = PBXFileReference; explicitFileType = wrapper.application; includeInIndex = 0; path = Tinder.app; sourceTree = BUILT_PRODUCTS_DIR; };
		DCBEEAEA2607684F00B71F16 /* AppDelegate.swift */ = {isa = PBXFileReference; lastKnownFileType = sourcecode.swift; path = AppDelegate.swift; sourceTree = "<group>"; };
		DCBEEAEC2607684F00B71F16 /* SceneDelegate.swift */ = {isa = PBXFileReference; lastKnownFileType = sourcecode.swift; path = SceneDelegate.swift; sourceTree = "<group>"; };
		DCBEEAEE2607684F00B71F16 /* ViewController.swift */ = {isa = PBXFileReference; lastKnownFileType = sourcecode.swift; path = ViewController.swift; sourceTree = "<group>"; };
		DCBEEAF32607685000B71F16 /* Assets.xcassets */ = {isa = PBXFileReference; lastKnownFileType = folder.assetcatalog; path = Assets.xcassets; sourceTree = "<group>"; };
		DCBEEAF62607685000B71F16 /* Base */ = {isa = PBXFileReference; lastKnownFileType = file.storyboard; name = Base; path = Base.lproj/LaunchScreen.storyboard; sourceTree = "<group>"; };
		DCBEEAF82607685000B71F16 /* Info.plist */ = {isa = PBXFileReference; lastKnownFileType = text.plist.xml; path = Info.plist; sourceTree = "<group>"; };
/* End PBXFileReference section */

/* Begin PBXFrameworksBuildPhase section */
		DCBEEAE42607684F00B71F16 /* Frameworks */ = {
			isa = PBXFrameworksBuildPhase;
			buildActionMask = 2147483647;
			files = (
			);
			runOnlyForDeploymentPostprocessing = 0;
		};
/* End PBXFrameworksBuildPhase section */

/* Begin PBXGroup section */
		DCBEEADE2607684F00B71F16 = {
			isa = PBXGroup;
			children = (
				DCBEEAE92607684F00B71F16 /* Tinder */,
				DCBEEAE82607684F00B71F16 /* Products */,
			);
			sourceTree = "<group>";
		};
		DCBEEAE82607684F00B71F16 /* Products */ = {
			isa = PBXGroup;
			children = (
				DCBEEAE72607684F00B71F16 /* Tinder.app */,
			);
			name = Products;
			sourceTree = "<group>";
		};
		DCBEEAE92607684F00B71F16 /* Tinder */ = {
			isa = PBXGroup;
			children = (
				DCBEEAEE2607684F00B71F16 /* ViewController.swift */,
				DC60C38D2607860400D6052E /* HomeView.swift */,
				DCBEEAFE260768C500B71F16 /* Supporting files */,
				DCBEEAF82607685000B71F16 /* Info.plist */,
				DC60C38F2607864900D6052E /* HomeView.xib */,
			);
			path = Tinder;
			sourceTree = "<group>";
		};
		DCBEEAFE260768C500B71F16 /* Supporting files */ = {
			isa = PBXGroup;
			children = (
				DCBEEAEA2607684F00B71F16 /* AppDelegate.swift */,
				DCBEEAEC2607684F00B71F16 /* SceneDelegate.swift */,
				DCBEEAF32607685000B71F16 /* Assets.xcassets */,
				DCBEEAF52607685000B71F16 /* LaunchScreen.storyboard */,
			);
			path = "Supporting files";
			sourceTree = "<group>";
		};
/* End PBXGroup section */

/* Begin PBXNativeTarget section */
		DCBEEAE62607684F00B71F16 /* Tinder */ = {
			isa = PBXNativeTarget;
			buildConfigurationList = DCBEEAFB2607685000B71F16 /* Build configuration list for PBXNativeTarget "Tinder" */;
			buildPhases = (
				DCBEEAE32607684F00B71F16 /* Sources */,
				DCBEEAE42607684F00B71F16 /* Frameworks */,
				DCBEEAE52607684F00B71F16 /* Resources */,
			);
			buildRules = (
			);
			dependencies = (
			);
			name = Tinder;
			productName = Tinder;
			productReference = DCBEEAE72607684F00B71F16 /* Tinder.app */;
			productType = "com.apple.product-type.application";
		};
/* End PBXNativeTarget section */

/* Begin PBXProject section */
		DCBEEADF2607684F00B71F16 /* Project object */ = {
			isa = PBXProject;
			attributes = {
				LastSwiftUpdateCheck = 1160;
				LastUpgradeCheck = 1160;
				ORGANIZATIONNAME = Brevity;
				TargetAttributes = {
					DCBEEAE62607684F00B71F16 = {
						CreatedOnToolsVersion = 11.6;
					};
				};
			};
			buildConfigurationList = DCBEEAE22607684F00B71F16 /* Build configuration list for PBXProject "Tinder" */;
			compatibilityVersion = "Xcode 9.3";
			developmentRegion = en;
			hasScannedForEncodings = 0;
			knownRegions = (
				en,
				Base,
			);
			mainGroup = DCBEEADE2607684F00B71F16;
			productRefGroup = DCBEEAE82607684F00B71F16 /* Products */;
			projectDirPath = "";
			projectRoot = "";
			targets = (
				DCBEEAE62607684F00B71F16 /* Tinder */,
			);
		};
/* End PBXProject section */

/* Begin PBXResourcesBuildPhase section */
		DCBEEAE52607684F00B71F16 /* Resources */ = {
			isa = PBXResourcesBuildPhase;
			buildActionMask = 2147483647;
			files = (
				DCBEEAF72607685000B71F16 /* LaunchScreen.storyboard in Resources */,
				DCBEEAF42607685000B71F16 /* Assets.xcassets in Resources */,
				DC60C3902607864900D6052E /* HomeView.xib in Resources */,
			);
			runOnlyForDeploymentPostprocessing = 0;
		};
/* End PBXResourcesBuildPhase section */

/* Begin PBXSourcesBuildPhase section */
		DCBEEAE32607684F00B71F16 /* Sources */ = {
			isa = PBXSourcesBuildPhase;
			buildActionMask = 2147483647;
			files = (
				DCBEEAEF2607684F00B71F16 /* ViewController.swift in Sources */,
				DC60C38E2607860400D6052E /* HomeView.swift in Sources */,
				DCBEEAEB2607684F00B71F16 /* AppDelegate.swift in Sources */,
				DCBEEAED2607684F00B71F16 /* SceneDelegate.swift in Sources */,
			);
			runOnlyForDeploymentPostprocessing = 0;
		};
/* End PBXSourcesBuildPhase section */

/* Begin PBXVariantGroup section */
		DCBEEAF52607685000B71F16 /* LaunchScreen.storyboard */ = {
			isa = PBXVariantGroup;
			children = (
				DCBEEAF62607685000B71F16 /* Base */,
			);
			name = LaunchScreen.storyboard;
			sourceTree = "<group>";
		};
/* End PBXVariantGroup section */

/* Begin XCBuildConfiguration section */
		DCBEEAF92607685000B71F16 /* Debug */ = {
			isa = XCBuildConfiguration;
			buildSettings = {
				ALWAYS_SEARCH_USER_PATHS = NO;
				CLANG_ANALYZER_NONNULL = YES;
				CLANG_ANALYZER_NUMBER_OBJECT_CONVERSION = YES_AGGRESSIVE;
				CLANG_CXX_LANGUAGE_STANDARD = "gnu++14";
				CLANG_CXX_LIBRARY = "libc++";
				CLANG_ENABLE_MODULES = YES;
				CLANG_ENABLE_OBJC_ARC = YES;
				CLANG_ENABLE_OBJC_WEAK = YES;
				CLANG_WARN_BLOCK_CAPTURE_AUTORELEASING = YES;
				CLANG_WARN_BOOL_CONVERSION = YES;
				CLANG_WARN_COMMA = YES;
				CLANG_WARN_CONSTANT_CONVERSION = YES;
				CLANG_WARN_DEPRECATED_OBJC_IMPLEMENTATIONS = YES;
				CLANG_WARN_DIRECT_OBJC_ISA_USAGE = YES_ERROR;
				CLANG_WARN_DOCUMENTATION_COMMENTS = YES;
				CLANG_WARN_EMPTY_BODY = YES;
				CLANG_WARN_ENUM_CONVERSION = YES;
				CLANG_WARN_INFINITE_RECURSION = YES;
				CLANG_WARN_INT_CONVERSION = YES;
				CLANG_WARN_NON_LITERAL_NULL_CONVERSION = YES;
				CLANG_WARN_OBJC_IMPLICIT_RETAIN_SELF = YES;
				CLANG_WARN_OBJC_LITERAL_CONVERSION = YES;
				CLANG_WARN_OBJC_ROOT_CLASS = YES_ERROR;
				CLANG_WARN_RANGE_LOOP_ANALYSIS = YES;
				CLANG_WARN_STRICT_PROTOTYPES = YES;
				CLANG_WARN_SUSPICIOUS_MOVE = YES;
				CLANG_WARN_UNGUARDED_AVAILABILITY = YES_AGGRESSIVE;
				CLANG_WARN_UNREACHABLE_CODE = YES;
				CLANG_WARN__DUPLICATE_METHOD_MATCH = YES;
				COPY_PHASE_STRIP = NO;
				DEBUG_INFORMATION_FORMAT = dwarf;
				ENABLE_STRICT_OBJC_MSGSEND = YES;
				ENABLE_TESTABILITY = YES;
				GCC_C_LANGUAGE_STANDARD = gnu11;
				GCC_DYNAMIC_NO_PIC = NO;
				GCC_NO_COMMON_BLOCKS = YES;
				GCC_OPTIMIZATION_LEVEL = 0;
				GCC_PREPROCESSOR_DEFINITIONS = (
					"DEBUG=1",
					"$(inherited)",
				);
				GCC_WARN_64_TO_32_BIT_CONVERSION = YES;
				GCC_WARN_ABOUT_RETURN_TYPE = YES_ERROR;
				GCC_WARN_UNDECLARED_SELECTOR = YES;
				GCC_WARN_UNINITIALIZED_AUTOS = YES_AGGRESSIVE;
				GCC_WARN_UNUSED_FUNCTION = YES;
				GCC_WARN_UNUSED_VARIABLE = YES;
				IPHONEOS_DEPLOYMENT_TARGET = 13.6;
				MTL_ENABLE_DEBUG_INFO = INCLUDE_SOURCE;
				MTL_FAST_MATH = YES;
				ONLY_ACTIVE_ARCH = YES;
				SDKROOT = iphoneos;
				SWIFT_ACTIVE_COMPILATION_CONDITIONS = DEBUG;
				SWIFT_OPTIMIZATION_LEVEL = "-Onone";
			};
			name = Debug;
		};
		DCBEEAFA2607685000B71F16 /* Release */ = {
			isa = XCBuildConfiguration;
			buildSettings = {
				ALWAYS_SEARCH_USER_PATHS = NO;
				CLANG_ANALYZER_NONNULL = YES;
				CLANG_ANALYZER_NUMBER_OBJECT_CONVERSION = YES_AGGRESSIVE;
				CLANG_CXX_LANGUAGE_STANDARD = "gnu++14";
				CLANG_CXX_LIBRARY = "libc++";
				CLANG_ENABLE_MODULES = YES;
				CLANG_ENABLE_OBJC_ARC = YES;
				CLANG_ENABLE_OBJC_WEAK = YES;
				CLANG_WARN_BLOCK_CAPTURE_AUTORELEASING = YES;
				CLANG_WARN_BOOL_CONVERSION = YES;
				CLANG_WARN_COMMA = YES;
				CLANG_WARN_CONSTANT_CONVERSION = YES;
				CLANG_WARN_DEPRECATED_OBJC_IMPLEMENTATIONS = YES;
				CLANG_WARN_DIRECT_OBJC_ISA_USAGE = YES_ERROR;
				CLANG_WARN_DOCUMENTATION_COMMENTS = YES;
				CLANG_WARN_EMPTY_BODY = YES;
				CLANG_WARN_ENUM_CONVERSION = YES;
				CLANG_WARN_INFINITE_RECURSION = YES;
				CLANG_WARN_INT_CONVERSION = YES;
				CLANG_WARN_NON_LITERAL_NULL_CONVERSION = YES;
				CLANG_WARN_OBJC_IMPLICIT_RETAIN_SELF = YES;
				CLANG_WARN_OBJC_LITERAL_CONVERSION = YES;
				CLANG_WARN_OBJC_ROOT_CLASS = YES_ERROR;
				CLANG_WARN_RANGE_LOOP_ANALYSIS = YES;
				CLANG_WARN_STRICT_PROTOTYPES = YES;
				CLANG_WARN_SUSPICIOUS_MOVE = YES;
				CLANG_WARN_UNGUARDED_AVAILABILITY = YES_AGGRESSIVE;
				CLANG_WARN_UNREACHABLE_CODE = YES;
				CLANG_WARN__DUPLICATE_METHOD_MATCH = YES;
				COPY_PHASE_STRIP = NO;
				DEBUG_INFORMATION_FORMAT = "dwarf-with-dsym";
				ENABLE_NS_ASSERTIONS = NO;
				ENABLE_STRICT_OBJC_MSGSEND = YES;
				GCC_C_LANGUAGE_STANDARD = gnu11;
				GCC_NO_COMMON_BLOCKS = YES;
				GCC_WARN_64_TO_32_BIT_CONVERSION = YES;
				GCC_WARN_ABOUT_RETURN_TYPE = YES_ERROR;
				GCC_WARN_UNDECLARED_SELECTOR = YES;
				GCC_WARN_UNINITIALIZED_AUTOS = YES_AGGRESSIVE;
				GCC_WARN_UNUSED_FUNCTION = YES;
				GCC_WARN_UNUSED_VARIABLE = YES;
				IPHONEOS_DEPLOYMENT_TARGET = 13.6;
				MTL_ENABLE_DEBUG_INFO = NO;
				MTL_FAST_MATH = YES;
				SDKROOT = iphoneos;
				SWIFT_COMPILATION_MODE = wholemodule;
				SWIFT_OPTIMIZATION_LEVEL = "-O";
				VALIDATE_PRODUCT = YES;
			};
			name = Release;
		};
		DCBEEAFC2607685000B71F16 /* Debug */ = {
			isa = XCBuildConfiguration;
			buildSettings = {
				ASSETCATALOG_COMPILER_APPICON_NAME = AppIcon;
				CODE_SIGN_STYLE = Automatic;
				DEVELOPMENT_TEAM = CRF7U674EN;
				INFOPLIST_FILE = Tinder/Info.plist;
				IPHONEOS_DEPLOYMENT_TARGET = 13.2;
				LD_RUNPATH_SEARCH_PATHS = (
					"$(inherited)",
					"@executable_path/Frameworks",
				);
				PRODUCT_BUNDLE_IDENTIFIER = China.FoeverKid.FreeLove.Tinder;
				PRODUCT_NAME = "$(TARGET_NAME)";
				SWIFT_VERSION = 5.0;
				TARGETED_DEVICE_FAMILY = "1,2";
			};
			name = Debug;
		};
		DCBEEAFD2607685000B71F16 /* Release */ = {
			isa = XCBuildConfiguration;
			buildSettings = {
				ASSETCATALOG_COMPILER_APPICON_NAME = AppIcon;
				CODE_SIGN_STYLE = Automatic;
				DEVELOPMENT_TEAM = CRF7U674EN;
				INFOPLIST_FILE = Tinder/Info.plist;
				IPHONEOS_DEPLOYMENT_TARGET = 13.2;
				LD_RUNPATH_SEARCH_PATHS = (
					"$(inherited)",
					"@executable_path/Frameworks",
				);
				PRODUCT_BUNDLE_IDENTIFIER = China.FoeverKid.FreeLove.Tinder;
				PRODUCT_NAME = "$(TARGET_NAME)";
				SWIFT_VERSION = 5.0;
				TARGETED_DEVICE_FAMILY = "1,2";
			};
			name = Release;
		};
/* End XCBuildConfiguration section */

/* Begin XCConfigurationList section */
		DCBEEAE22607684F00B71F16 /* Build configuration list for PBXProject "Tinder" */ = {
			isa = XCConfigurationList;
			buildConfigurations = (
				DCBEEAF92607685000B71F16 /* Debug */,
				DCBEEAFA2607685000B71F16 /* Release */,
			);
			defaultConfigurationIsVisible = 0;
			defaultConfigurationName = Release;
		};
		DCBEEAFB2607685000B71F16 /* Build configuration list for PBXNativeTarget "Tinder" */ = {
			isa = XCConfigurationList;
			buildConfigurations = (
				DCBEEAFC2607685000B71F16 /* Debug */,
				DCBEEAFD2607685000B71F16 /* Release */,
			);
			defaultConfigurationIsVisible = 0;
			defaultConfigurationName = Release;
		};
/* End XCConfigurationList section */
	};
	rootObject = DCBEEADF2607684F00B71F16 /* Project object */;
}
